Microsoft Visual Studio Solution File, Format Version 12.00
# Visual Studio 15
VisualStudioVersion = 15.0.28010.2050
MinimumVisualStudioVersion = 10.0.40219.1
Project("{FAE04EC0-301F-11D3-BF4B-00C04F79EFBC}") = "Edi", "Edi\Edi\Edi.csproj", "{2FC27F19-6128-4A21-8C52-1E6AB6618E78}"
EndProject
Project("{2150E333-8FDC-42A3-9474-1A3956D46DE8}") = "Settings", "Settings", "{45839752-2FC8-464C-B63E-BD64E7CDFE59}"
EndProject
Project("{FAE04EC0-301F-11D3-BF4B-00C04F79EFBC}") = "Edi.Settings", "Edi\Settings\Edi.Settings\Edi.Settings.csproj", "{2807B493-CC2E-402E-901A-EB138698FEDC}"
EndProject
Project("{FAE04EC0-301F-11D3-BF4B-00C04F79EFBC}") = "Edi.SettingsView", "Edi\Settings\Edi.SettingsView\Edi.SettingsView.csproj", "{972E4948-C781-4CF9-A13E-AC3146AB0AD1}"
EndProject
Project("{FAE04EC0-301F-11D3-BF4B-00C04F79EFBC}") = "SimpleControls", "Edi\SimpleControls\SimpleControls.csproj", "{0E69BE38-78C0-4662-A0E1-56C5913B5C3A}"
EndProject
Project("{FAE04EC0-301F-11D3-BF4B-00C04F79EFBC}") = "Edi.Util", "Edi\Edi.Util\Edi.Util.csproj", "{8DEA0927-9BD3-442F-AD3B-5F0C9E3186F6}"
EndProject
Project("{FAE04EC0-301F-11D3-BF4B-00C04F79EFBC}") = "Edi.Core", "Edi\Edi.Core\Edi.Core.csproj", "{F17E5E06-F28C-4E91-964F-CDB9F8589BB7}"
EndProject
Project("{FAE04EC0-301F-11D3-BF4B-00C04F79EFBC}") = "Edi.Interfaces", "Edi\Edi.Interfaces\Edi.Interfaces.csproj", "{C43530B2-96D6-4335-8097-4218EB69023B}"
EndProject
Project("{FAE04EC0-301F-11D3-BF4B-00C04F79EFBC}") = "ICSharpCode.AvalonEdit", "Edi\ICSharpCode.AvalonEdit\ICSharpCode.AvalonEdit.csproj", "{6C55B776-26D4-4DB3-A6AB-87E783B2F3D1}"
EndProject
Project("{2150E333-8FDC-42A3-9474-1A3956D46DE8}") = "UML Application", "UML Application", "{FF5B62C3-84DF-4650-8213-E65629E28BC7}"
EndProject
Project("{FAE04EC0-301F-11D3-BF4B-00C04F79EFBC}") = "MiniUML.Framework", "MiniUML\MiniUML.Framework\MiniUML.Framework.csproj", "{99941EFE-69B0-4618-B130-6D6FC1B43EB3}"
EndProject
Project("{FAE04EC0-301F-11D3-BF4B-00C04F79EFBC}") = "MiniUML.Model", "MiniUML\MiniUML.Model\MiniUML.Model.csproj", "{4654F58A-400C-4D47-9DC9-9FCA153554D3}"
EndProject
Project("{FAE04EC0-301F-11D3-BF4B-00C04F79EFBC}") = "MiniUML.View", "MiniUML\MiniUML.View\MiniUML.View.csproj", "{AAD6B1D6-F529-40F8-9786-DC8E2FDF0AD6}"
EndProject
Project("{2150E333-8FDC-42A3-9474-1A3956D46DE8}") = "UML Plugins", "UML Plugins", "{E9815910-6CC0-4B3B-A3C0-024834D50596}"
EndProject
Project("{2150E333-8FDC-42A3-9474-1A3956D46DE8}") = ".build", ".build", "{D8BFE29D-D45F-4FD7-89FE-CE342B3CC390}"
	ProjectSection(SolutionItems) = preProject
		.build\Edi.targets = .build\Edi.targets
	EndProjectSection
EndProject
Project("{FAE04EC0-301F-11D3-BF4B-00C04F79EFBC}") = "MiniUML.Plugins.UmlClassDiagram", "MiniUML\Plugins\src\MiniUML.Plugins.UmlClassDiagram\MiniUML.Plugins.UmlClassDiagram.csproj", "{9584C00E-7FE9-428A-9770-0A8AF6969B68}"
EndProject
Project("{2150E333-8FDC-42A3-9474-1A3956D46DE8}") = "Tools", "Tools", "{D32BD711-17CE-4B48-A587-BFB536C40D1E}"
EndProject
Project("{2150E333-8FDC-42A3-9474-1A3956D46DE8}") = "BuiltIn", "BuiltIn", "{7510DE38-8B63-47A9-A7FA-48A037DBF285}"
EndProject
Project("{2150E333-8FDC-42A3-9474-1A3956D46DE8}") = "Binaries", "Binaries", "{89164686-D00A-4A39-9C4A-5730C6F1DE58}"
	ProjectSection(SolutionItems) = preProject
		02_Libs\YalvLib\YalvLib.dll = 02_Libs\YalvLib\YalvLib.dll
	EndProjectSection
EndProject
Project("{2150E333-8FDC-42A3-9474-1A3956D46DE8}") = "Log4NetTools", "Log4NetTools", "{733A8801-D671-45BE-8BA9-4A67D5FA8AAD}"
EndProject
Project("{FAE04EC0-301F-11D3-BF4B-00C04F79EFBC}") = "Log4NetTools", "Tools\Log4NetTools\Log4NetTools.csproj", "{8A5463B3-D274-49C4-9A7A-66C3DDE62682}"
EndProject
Project("{FAE04EC0-301F-11D3-BF4B-00C04F79EFBC}") = "Edi.Themes", "Edi\Edi.Themes\Edi.Themes.csproj", "{69BC833C-0FE1-4288-BB80-BB457D07E638}"
EndProject
Project("{FAE04EC0-301F-11D3-BF4B-00C04F79EFBC}") = "Edi.Dialogs", "Edi\Edi.Dialogs\Edi.Dialogs.csproj", "{C4BBC94F-ACA4-4B4A-8558-248E2E684B05}"
EndProject
Project("{FAE04EC0-301F-11D3-BF4B-00C04F79EFBC}") = "Edi.Documents", "Edi\Edi.Documents\Edi.Documents.csproj", "{1FB5AC73-B203-4D42-B22A-AF2690DE3709}"
EndProject
Project("{FAE04EC0-301F-11D3-BF4B-00C04F79EFBC}") = "Output", "Tools\BuiltIn\Output\Output.csproj", "{D14D8609-693C-475D-A4A4-5A7F6188D633}"
EndProject
Project("{FAE04EC0-301F-11D3-BF4B-00C04F79EFBC}") = "Files", "Tools\BuiltIn\Files\Files.csproj", "{EF9B7E8D-B722-48E0-A941-E21F4F7CC2DF}"
EndProject
Project("{FAE04EC0-301F-11D3-BF4B-00C04F79EFBC}") = "Edi.Apps", "Edi\Edi.Apps\Edi.Apps.csproj", "{4DF91F4B-878A-4AB3-A5EC-16BCE3D6E99D}"
EndProject
Global
	GlobalSection(SolutionConfigurationPlatforms) = preSolution
		Debug|Any CPU = Debug|Any CPU
		Debug|Net35 = Debug|Net35
		Debug|Net40 = Debug|Net40
		Debug|WithNRefactory = Debug|WithNRefactory
		Release|Any CPU = Release|Any CPU
		Release|Net35 = Release|Net35
		Release|Net40 = Release|Net40
		Release|WithNRefactory = Release|WithNRefactory
	EndGlobalSection
	GlobalSection(ProjectConfigurationPlatforms) = postSolution
		{2FC27F19-6128-4A21-8C52-1E6AB6618E78}.Debug|Any CPU.ActiveCfg = Debug|Any CPU
		{2FC27F19-6128-4A21-8C52-1E6AB6618E78}.Debug|Any CPU.Build.0 = Debug|Any CPU
		{2FC27F19-6128-4A21-8C52-1E6AB6618E78}.Debug|Net35.ActiveCfg = Debug|Any CPU
		{2FC27F19-6128-4A21-8C52-1E6AB6618E78}.Debug|Net35.Build.0 = Debug|Any CPU
		{2FC27F19-6128-4A21-8C52-1E6AB6618E78}.Debug|Net40.ActiveCfg = Debug|Any CPU
		{2FC27F19-6128-4A21-8C52-1E6AB6618E78}.Debug|Net40.Build.0 = Debug|Any CPU
		{2FC27F19-6128-4A21-8C52-1E6AB6618E78}.Debug|WithNRefactory.ActiveCfg = Debug|Any CPU
		{2FC27F19-6128-4A21-8C52-1E6AB6618E78}.Debug|WithNRefactory.Build.0 = Debug|Any CPU
		{2FC27F19-6128-4A21-8C52-1E6AB6618E78}.Release|Any CPU.ActiveCfg = Release|Any CPU
		{2FC27F19-6128-4A21-8C52-1E6AB6618E78}.Release|Any CPU.Build.0 = Release|Any CPU
		{2FC27F19-6128-4A21-8C52-1E6AB6618E78}.Release|Net35.ActiveCfg = Release|Any CPU
		{2FC27F19-6128-4A21-8C52-1E6AB6618E78}.Release|Net35.Build.0 = Release|Any CPU
		{2FC27F19-6128-4A21-8C52-1E6AB6618E78}.Release|Net40.ActiveCfg = Release|Any CPU
		{2FC27F19-6128-4A21-8C52-1E6AB6618E78}.Release|Net40.Build.0 = Release|Any CPU
		{2FC27F19-6128-4A21-8C52-1E6AB6618E78}.Release|WithNRefactory.ActiveCfg = Release|Any CPU
		{2FC27F19-6128-4A21-8C52-1E6AB6618E78}.Release|WithNRefactory.Build.0 = Release|Any CPU
		{2807B493-CC2E-402E-901A-EB138698FEDC}.Debug|Any CPU.ActiveCfg = Debug|Any CPU
		{2807B493-CC2E-402E-901A-EB138698FEDC}.Debug|Any CPU.Build.0 = Debug|Any CPU
		{2807B493-CC2E-402E-901A-EB138698FEDC}.Debug|Net35.ActiveCfg = Debug|Any CPU
		{2807B493-CC2E-402E-901A-EB138698FEDC}.Debug|Net35.Build.0 = Debug|Any CPU
		{2807B493-CC2E-402E-901A-EB138698FEDC}.Debug|Net40.ActiveCfg = Debug|Any CPU
		{2807B493-CC2E-402E-901A-EB138698FEDC}.Debug|Net40.Build.0 = Debug|Any CPU
		{2807B493-CC2E-402E-901A-EB138698FEDC}.Debug|WithNRefactory.ActiveCfg = Debug|Any CPU
		{2807B493-CC2E-402E-901A-EB138698FEDC}.Debug|WithNRefactory.Build.0 = Debug|Any CPU
		{2807B493-CC2E-402E-901A-EB138698FEDC}.Release|Any CPU.ActiveCfg = Release|Any CPU
		{2807B493-CC2E-402E-901A-EB138698FEDC}.Release|Any CPU.Build.0 = Release|Any CPU
		{2807B493-CC2E-402E-901A-EB138698FEDC}.Release|Net35.ActiveCfg = Release|Any CPU
		{2807B493-CC2E-402E-901A-EB138698FEDC}.Release|Net35.Build.0 = Release|Any CPU
		{2807B493-CC2E-402E-901A-EB138698FEDC}.Release|Net40.ActiveCfg = Release|Any CPU
		{2807B493-CC2E-402E-901A-EB138698FEDC}.Release|Net40.Build.0 = Release|Any CPU
		{2807B493-CC2E-402E-901A-EB138698FEDC}.Release|WithNRefactory.ActiveCfg = Release|Any CPU
		{2807B493-CC2E-402E-901A-EB138698FEDC}.Release|WithNRefactory.Build.0 = Release|Any CPU
		{972E4948-C781-4CF9-A13E-AC3146AB0AD1}.Debug|Any CPU.ActiveCfg = Debug|Any CPU
		{972E4948-C781-4CF9-A13E-AC3146AB0AD1}.Debug|Any CPU.Build.0 = Debug|Any CPU
		{972E4948-C781-4CF9-A13E-AC3146AB0AD1}.Debug|Net35.ActiveCfg = Debug|Any CPU
		{972E4948-C781-4CF9-A13E-AC3146AB0AD1}.Debug|Net40.ActiveCfg = Debug|Any CPU
		{972E4948-C781-4CF9-A13E-AC3146AB0AD1}.Debug|WithNRefactory.ActiveCfg = Debug|Any CPU
		{972E4948-C781-4CF9-A13E-AC3146AB0AD1}.Release|Any CPU.ActiveCfg = Release|Any CPU
		{972E4948-C781-4CF9-A13E-AC3146AB0AD1}.Release|Any CPU.Build.0 = Release|Any CPU
		{972E4948-C781-4CF9-A13E-AC3146AB0AD1}.Release|Net35.ActiveCfg = Release|Any CPU
		{972E4948-C781-4CF9-A13E-AC3146AB0AD1}.Release|Net40.ActiveCfg = Release|Any CPU
		{972E4948-C781-4CF9-A13E-AC3146AB0AD1}.Release|WithNRefactory.ActiveCfg = Release|Any CPU
		{0E69BE38-78C0-4662-A0E1-56C5913B5C3A}.Debug|Any CPU.ActiveCfg = Debug|Any CPU
		{0E69BE38-78C0-4662-A0E1-56C5913B5C3A}.Debug|Any CPU.Build.0 = Debug|Any CPU
		{0E69BE38-78C0-4662-A0E1-56C5913B5C3A}.Debug|Net35.ActiveCfg = Debug|Any CPU
		{0E69BE38-78C0-4662-A0E1-56C5913B5C3A}.Debug|Net35.Build.0 = Debug|Any CPU
		{0E69BE38-78C0-4662-A0E1-56C5913B5C3A}.Debug|Net40.ActiveCfg = Debug|Any CPU
		{0E69BE38-78C0-4662-A0E1-56C5913B5C3A}.Debug|Net40.Build.0 = Debug|Any CPU
		{0E69BE38-78C0-4662-A0E1-56C5913B5C3A}.Debug|WithNRefactory.ActiveCfg = Debug|Any CPU
		{0E69BE38-78C0-4662-A0E1-56C5913B5C3A}.Debug|WithNRefactory.Build.0 = Debug|Any CPU
		{0E69BE38-78C0-4662-A0E1-56C5913B5C3A}.Release|Any CPU.ActiveCfg = Release|Any CPU
		{0E69BE38-78C0-4662-A0E1-56C5913B5C3A}.Release|Any CPU.Build.0 = Release|Any CPU
		{0E69BE38-78C0-4662-A0E1-56C5913B5C3A}.Release|Net35.ActiveCfg = Release|Any CPU
		{0E69BE38-78C0-4662-A0E1-56C5913B5C3A}.Release|Net35.Build.0 = Release|Any CPU
		{0E69BE38-78C0-4662-A0E1-56C5913B5C3A}.Release|Net40.ActiveCfg = Release|Any CPU
		{0E69BE38-78C0-4662-A0E1-56C5913B5C3A}.Release|Net40.Build.0 = Release|Any CPU
		{0E69BE38-78C0-4662-A0E1-56C5913B5C3A}.Release|WithNRefactory.ActiveCfg = Release|Any CPU
		{0E69BE38-78C0-4662-A0E1-56C5913B5C3A}.Release|WithNRefactory.Build.0 = Release|Any CPU
		{8DEA0927-9BD3-442F-AD3B-5F0C9E3186F6}.Debug|Any CPU.ActiveCfg = Debug|Any CPU
		{8DEA0927-9BD3-442F-AD3B-5F0C9E3186F6}.Debug|Any CPU.Build.0 = Debug|Any CPU
		{8DEA0927-9BD3-442F-AD3B-5F0C9E3186F6}.Debug|Net35.ActiveCfg = Debug|Any CPU
		{8DEA0927-9BD3-442F-AD3B-5F0C9E3186F6}.Debug|Net35.Build.0 = Debug|Any CPU
		{8DEA0927-9BD3-442F-AD3B-5F0C9E3186F6}.Debug|Net40.ActiveCfg = Debug|Any CPU
		{8DEA0927-9BD3-442F-AD3B-5F0C9E3186F6}.Debug|Net40.Build.0 = Debug|Any CPU
		{8DEA0927-9BD3-442F-AD3B-5F0C9E3186F6}.Debug|WithNRefactory.ActiveCfg = Debug|Any CPU
		{8DEA0927-9BD3-442F-AD3B-5F0C9E3186F6}.Debug|WithNRefactory.Build.0 = Debug|Any CPU
		{8DEA0927-9BD3-442F-AD3B-5F0C9E3186F6}.Release|Any CPU.ActiveCfg = Release|Any CPU
		{8DEA0927-9BD3-442F-AD3B-5F0C9E3186F6}.Release|Any CPU.Build.0 = Release|Any CPU
		{8DEA0927-9BD3-442F-AD3B-5F0C9E3186F6}.Release|Net35.ActiveCfg = Release|Any CPU
		{8DEA0927-9BD3-442F-AD3B-5F0C9E3186F6}.Release|Net35.Build.0 = Release|Any CPU
		{8DEA0927-9BD3-442F-AD3B-5F0C9E3186F6}.Release|Net40.ActiveCfg = Release|Any CPU
		{8DEA0927-9BD3-442F-AD3B-5F0C9E3186F6}.Release|Net40.Build.0 = Release|Any CPU
		{8DEA0927-9BD3-442F-AD3B-5F0C9E3186F6}.Release|WithNRefactory.ActiveCfg = Release|Any CPU
		{8DEA0927-9BD3-442F-AD3B-5F0C9E3186F6}.Release|WithNRefactory.Build.0 = Release|Any CPU
		{F17E5E06-F28C-4E91-964F-CDB9F8589BB7}.Debug|Any CPU.ActiveCfg = Debug|Any CPU
		{F17E5E06-F28C-4E91-964F-CDB9F8589BB7}.Debug|Any CPU.Build.0 = Debug|Any CPU
		{F17E5E06-F28C-4E91-964F-CDB9F8589BB7}.Debug|Net35.ActiveCfg = Debug|Any CPU
		{F17E5E06-F28C-4E91-964F-CDB9F8589BB7}.Debug|Net40.ActiveCfg = Debug|Any CPU
		{F17E5E06-F28C-4E91-964F-CDB9F8589BB7}.Debug|WithNRefactory.ActiveCfg = Debug|Any CPU
		{F17E5E06-F28C-4E91-964F-CDB9F8589BB7}.Release|Any CPU.ActiveCfg = Release|Any CPU
		{F17E5E06-F28C-4E91-964F-CDB9F8589BB7}.Release|Any CPU.Build.0 = Release|Any CPU
		{F17E5E06-F28C-4E91-964F-CDB9F8589BB7}.Release|Net35.ActiveCfg = Release|Any CPU
		{F17E5E06-F28C-4E91-964F-CDB9F8589BB7}.Release|Net40.ActiveCfg = Release|Any CPU
		{F17E5E06-F28C-4E91-964F-CDB9F8589BB7}.Release|WithNRefactory.ActiveCfg = Release|Any CPU
		{C43530B2-96D6-4335-8097-4218EB69023B}.Debug|Any CPU.ActiveCfg = Debug|Any CPU
		{C43530B2-96D6-4335-8097-4218EB69023B}.Debug|Any CPU.Build.0 = Debug|Any CPU
		{C43530B2-96D6-4335-8097-4218EB69023B}.Debug|Net35.ActiveCfg = Debug|Any CPU
		{C43530B2-96D6-4335-8097-4218EB69023B}.Debug|Net35.Build.0 = Debug|Any CPU
		{C43530B2-96D6-4335-8097-4218EB69023B}.Debug|Net40.ActiveCfg = Debug|Any CPU
		{C43530B2-96D6-4335-8097-4218EB69023B}.Debug|Net40.Build.0 = Debug|Any CPU
		{C43530B2-96D6-4335-8097-4218EB69023B}.Debug|WithNRefactory.ActiveCfg = Debug|Any CPU
		{C43530B2-96D6-4335-8097-4218EB69023B}.Debug|WithNRefactory.Build.0 = Debug|Any CPU
		{C43530B2-96D6-4335-8097-4218EB69023B}.Release|Any CPU.ActiveCfg = Release|Any CPU
		{C43530B2-96D6-4335-8097-4218EB69023B}.Release|Any CPU.Build.0 = Release|Any CPU
		{C43530B2-96D6-4335-8097-4218EB69023B}.Release|Net35.ActiveCfg = Release|Any CPU
		{C43530B2-96D6-4335-8097-4218EB69023B}.Release|Net35.Build.0 = Release|Any CPU
		{C43530B2-96D6-4335-8097-4218EB69023B}.Release|Net40.ActiveCfg = Release|Any CPU
		{C43530B2-96D6-4335-8097-4218EB69023B}.Release|Net40.Build.0 = Release|Any CPU
		{C43530B2-96D6-4335-8097-4218EB69023B}.Release|WithNRefactory.ActiveCfg = Release|Any CPU
		{C43530B2-96D6-4335-8097-4218EB69023B}.Release|WithNRefactory.Build.0 = Release|Any CPU
		{6C55B776-26D4-4DB3-A6AB-87E783B2F3D1}.Debug|Any CPU.ActiveCfg = Debug|Net40
		{6C55B776-26D4-4DB3-A6AB-87E783B2F3D1}.Debug|Any CPU.Build.0 = Debug|Net40
		{6C55B776-26D4-4DB3-A6AB-87E783B2F3D1}.Debug|Net35.ActiveCfg = Debug|Net35
		{6C55B776-26D4-4DB3-A6AB-87E783B2F3D1}.Debug|Net35.Build.0 = Debug|Net35
		{6C55B776-26D4-4DB3-A6AB-87E783B2F3D1}.Debug|Net40.ActiveCfg = Debug|Net40
		{6C55B776-26D4-4DB3-A6AB-87E783B2F3D1}.Debug|Net40.Build.0 = Debug|Net40
		{6C55B776-26D4-4DB3-A6AB-87E783B2F3D1}.Debug|WithNRefactory.ActiveCfg = Debug|WithNRefactory
		{6C55B776-26D4-4DB3-A6AB-87E783B2F3D1}.Debug|WithNRefactory.Build.0 = Debug|WithNRefactory
		{6C55B776-26D4-4DB3-A6AB-87E783B2F3D1}.Release|Any CPU.ActiveCfg = Release|Net40
		{6C55B776-26D4-4DB3-A6AB-87E783B2F3D1}.Release|Any CPU.Build.0 = Release|Net40
		{6C55B776-26D4-4DB3-A6AB-87E783B2F3D1}.Release|Net35.ActiveCfg = Release|Net35
		{6C55B776-26D4-4DB3-A6AB-87E783B2F3D1}.Release|Net35.Build.0 = Release|Net35
		{6C55B776-26D4-4DB3-A6AB-87E783B2F3D1}.Release|Net40.ActiveCfg = Release|Net40
		{6C55B776-26D4-4DB3-A6AB-87E783B2F3D1}.Release|Net40.Build.0 = Release|Net40
		{6C55B776-26D4-4DB3-A6AB-87E783B2F3D1}.Release|WithNRefactory.ActiveCfg = Release|WithNRefactory
		{6C55B776-26D4-4DB3-A6AB-87E783B2F3D1}.Release|WithNRefactory.Build.0 = Release|WithNRefactory
		{99941EFE-69B0-4618-B130-6D6FC1B43EB3}.Debug|Any CPU.ActiveCfg = Debug|Any CPU
		{99941EFE-69B0-4618-B130-6D6FC1B43EB3}.Debug|Any CPU.Build.0 = Debug|Any CPU
		{99941EFE-69B0-4618-B130-6D6FC1B43EB3}.Debug|Net35.ActiveCfg = Debug|Any CPU
		{99941EFE-69B0-4618-B130-6D6FC1B43EB3}.Debug|Net35.Build.0 = Debug|Any CPU
		{99941EFE-69B0-4618-B130-6D6FC1B43EB3}.Debug|Net40.ActiveCfg = Debug|Any CPU
		{99941EFE-69B0-4618-B130-6D6FC1B43EB3}.Debug|Net40.Build.0 = Debug|Any CPU
		{99941EFE-69B0-4618-B130-6D6FC1B43EB3}.Debug|WithNRefactory.ActiveCfg = Debug|Any CPU
		{99941EFE-69B0-4618-B130-6D6FC1B43EB3}.Debug|WithNRefactory.Build.0 = Debug|Any CPU
		{99941EFE-69B0-4618-B130-6D6FC1B43EB3}.Release|Any CPU.ActiveCfg = Release|Any CPU
		{99941EFE-69B0-4618-B130-6D6FC1B43EB3}.Release|Any CPU.Build.0 = Release|Any CPU
		{99941EFE-69B0-4618-B130-6D6FC1B43EB3}.Release|Net35.ActiveCfg = Release|Any CPU
		{99941EFE-69B0-4618-B130-6D6FC1B43EB3}.Release|Net35.Build.0 = Release|Any CPU
		{99941EFE-69B0-4618-B130-6D6FC1B43EB3}.Release|Net40.ActiveCfg = Release|Any CPU
		{99941EFE-69B0-4618-B130-6D6FC1B43EB3}.Release|Net40.Build.0 = Release|Any CPU
		{99941EFE-69B0-4618-B130-6D6FC1B43EB3}.Release|WithNRefactory.ActiveCfg = Release|Any CPU
		{99941EFE-69B0-4618-B130-6D6FC1B43EB3}.Release|WithNRefactory.Build.0 = Release|Any CPU
		{4654F58A-400C-4D47-9DC9-9FCA153554D3}.Debug|Any CPU.ActiveCfg = Debug|Any CPU
		{4654F58A-400C-4D47-9DC9-9FCA153554D3}.Debug|Any CPU.Build.0 = Debug|Any CPU
		{4654F58A-400C-4D47-9DC9-9FCA153554D3}.Debug|Net35.ActiveCfg = Debug|Any CPU
		{4654F58A-400C-4D47-9DC9-9FCA153554D3}.Debug|Net35.Build.0 = Debug|Any CPU
		{4654F58A-400C-4D47-9DC9-9FCA153554D3}.Debug|Net40.ActiveCfg = Debug|Any CPU
		{4654F58A-400C-4D47-9DC9-9FCA153554D3}.Debug|Net40.Build.0 = Debug|Any CPU
		{4654F58A-400C-4D47-9DC9-9FCA153554D3}.Debug|WithNRefactory.ActiveCfg = Debug|Any CPU
		{4654F58A-400C-4D47-9DC9-9FCA153554D3}.Debug|WithNRefactory.Build.0 = Debug|Any CPU
		{4654F58A-400C-4D47-9DC9-9FCA153554D3}.Release|Any CPU.ActiveCfg = Release|Any CPU
		{4654F58A-400C-4D47-9DC9-9FCA153554D3}.Release|Any CPU.Build.0 = Release|Any CPU
		{4654F58A-400C-4D47-9DC9-9FCA153554D3}.Release|Net35.ActiveCfg = Release|Any CPU
		{4654F58A-400C-4D47-9DC9-9FCA153554D3}.Release|Net35.Build.0 = Release|Any CPU
		{4654F58A-400C-4D47-9DC9-9FCA153554D3}.Release|Net40.ActiveCfg = Release|Any CPU
		{4654F58A-400C-4D47-9DC9-9FCA153554D3}.Release|Net40.Build.0 = Release|Any CPU
		{4654F58A-400C-4D47-9DC9-9FCA153554D3}.Release|WithNRefactory.ActiveCfg = Release|Any CPU
		{4654F58A-400C-4D47-9DC9-9FCA153554D3}.Release|WithNRefactory.Build.0 = Release|Any CPU
		{AAD6B1D6-F529-40F8-9786-DC8E2FDF0AD6}.Debug|Any CPU.ActiveCfg = Debug|Any CPU
		{AAD6B1D6-F529-40F8-9786-DC8E2FDF0AD6}.Debug|Any CPU.Build.0 = Debug|Any CPU
		{AAD6B1D6-F529-40F8-9786-DC8E2FDF0AD6}.Debug|Net35.ActiveCfg = Debug|Any CPU
		{AAD6B1D6-F529-40F8-9786-DC8E2FDF0AD6}.Debug|Net35.Build.0 = Debug|Any CPU
		{AAD6B1D6-F529-40F8-9786-DC8E2FDF0AD6}.Debug|Net40.ActiveCfg = Debug|Any CPU
		{AAD6B1D6-F529-40F8-9786-DC8E2FDF0AD6}.Debug|Net40.Build.0 = Debug|Any CPU
		{AAD6B1D6-F529-40F8-9786-DC8E2FDF0AD6}.Debug|WithNRefactory.ActiveCfg = Debug|Any CPU
		{AAD6B1D6-F529-40F8-9786-DC8E2FDF0AD6}.Debug|WithNRefactory.Build.0 = Debug|Any CPU
		{AAD6B1D6-F529-40F8-9786-DC8E2FDF0AD6}.Release|Any CPU.ActiveCfg = Release|Any CPU
		{AAD6B1D6-F529-40F8-9786-DC8E2FDF0AD6}.Release|Any CPU.Build.0 = Release|Any CPU
		{AAD6B1D6-F529-40F8-9786-DC8E2FDF0AD6}.Release|Net35.ActiveCfg = Release|Any CPU
		{AAD6B1D6-F529-40F8-9786-DC8E2FDF0AD6}.Release|Net35.Build.0 = Release|Any CPU
		{AAD6B1D6-F529-40F8-9786-DC8E2FDF0AD6}.Release|Net40.ActiveCfg = Release|Any CPU
		{AAD6B1D6-F529-40F8-9786-DC8E2FDF0AD6}.Release|Net40.Build.0 = Release|Any CPU
		{AAD6B1D6-F529-40F8-9786-DC8E2FDF0AD6}.Release|WithNRefactory.ActiveCfg = Release|Any CPU
		{AAD6B1D6-F529-40F8-9786-DC8E2FDF0AD6}.Release|WithNRefactory.Build.0 = Release|Any CPU
		{9584C00E-7FE9-428A-9770-0A8AF6969B68}.Debug|Any CPU.ActiveCfg = Debug|Any CPU
		{9584C00E-7FE9-428A-9770-0A8AF6969B68}.Debug|Any CPU.Build.0 = Debug|Any CPU
		{9584C00E-7FE9-428A-9770-0A8AF6969B68}.Debug|Net35.ActiveCfg = Debug|Any CPU
		{9584C00E-7FE9-428A-9770-0A8AF6969B68}.Debug|Net35.Build.0 = Debug|Any CPU
		{9584C00E-7FE9-428A-9770-0A8AF6969B68}.Debug|Net40.ActiveCfg = Debug|Any CPU
		{9584C00E-7FE9-428A-9770-0A8AF6969B68}.Debug|Net40.Build.0 = Debug|Any CPU
		{9584C00E-7FE9-428A-9770-0A8AF6969B68}.Debug|WithNRefactory.ActiveCfg = Debug|Any CPU
		{9584C00E-7FE9-428A-9770-0A8AF6969B68}.Debug|WithNRefactory.Build.0 = Debug|Any CPU
		{9584C00E-7FE9-428A-9770-0A8AF6969B68}.Release|Any CPU.ActiveCfg = Release|Any CPU
		{9584C00E-7FE9-428A-9770-0A8AF6969B68}.Release|Any CPU.Build.0 = Release|Any CPU
		{9584C00E-7FE9-428A-9770-0A8AF6969B68}.Release|Net35.ActiveCfg = Release|Any CPU
		{9584C00E-7FE9-428A-9770-0A8AF6969B68}.Release|Net35.Build.0 = Release|Any CPU
		{9584C00E-7FE9-428A-9770-0A8AF6969B68}.Release|Net40.ActiveCfg = Release|Any CPU
		{9584C00E-7FE9-428A-9770-0A8AF6969B68}.Release|Net40.Build.0 = Release|Any CPU
		{9584C00E-7FE9-428A-9770-0A8AF6969B68}.Release|WithNRefactory.ActiveCfg = Release|Any CPU
		{9584C00E-7FE9-428A-9770-0A8AF6969B68}.Release|WithNRefactory.Build.0 = Release|Any CPU
		{8A5463B3-D274-49C4-9A7A-66C3DDE62682}.Debug|Any CPU.ActiveCfg = Debug|Any CPU
		{8A5463B3-D274-49C4-9A7A-66C3DDE62682}.Debug|Any CPU.Build.0 = Debug|Any CPU
		{8A5463B3-D274-49C4-9A7A-66C3DDE62682}.Debug|Net35.ActiveCfg = Debug|Any CPU
		{8A5463B3-D274-49C4-9A7A-66C3DDE62682}.Debug|Net35.Build.0 = Debug|Any CPU
		{8A5463B3-D274-49C4-9A7A-66C3DDE62682}.Debug|Net40.ActiveCfg = Debug|Any CPU
		{8A5463B3-D274-49C4-9A7A-66C3DDE62682}.Debug|Net40.Build.0 = Debug|Any CPU
		{8A5463B3-D274-49C4-9A7A-66C3DDE62682}.Debug|WithNRefactory.ActiveCfg = Debug|Any CPU
		{8A5463B3-D274-49C4-9A7A-66C3DDE62682}.Debug|WithNRefactory.Build.0 = Debug|Any CPU
		{8A5463B3-D274-49C4-9A7A-66C3DDE62682}.Release|Any CPU.ActiveCfg = Release|Any CPU
		{8A5463B3-D274-49C4-9A7A-66C3DDE62682}.Release|Any CPU.Build.0 = Release|Any CPU
		{8A5463B3-D274-49C4-9A7A-66C3DDE62682}.Release|Net35.ActiveCfg = Release|Any CPU
		{8A5463B3-D274-49C4-9A7A-66C3DDE62682}.Release|Net35.Build.0 = Release|Any CPU
		{8A5463B3-D274-49C4-9A7A-66C3DDE62682}.Release|Net40.ActiveCfg = Release|Any CPU
		{8A5463B3-D274-49C4-9A7A-66C3DDE62682}.Release|Net40.Build.0 = Release|Any CPU
		{8A5463B3-D274-49C4-9A7A-66C3DDE62682}.Release|WithNRefactory.ActiveCfg = Release|Any CPU
		{8A5463B3-D274-49C4-9A7A-66C3DDE62682}.Release|WithNRefactory.Build.0 = Release|Any CPU
		{69BC833C-0FE1-4288-BB80-BB457D07E638}.Debug|Any CPU.ActiveCfg = Debug|Any CPU
		{69BC833C-0FE1-4288-BB80-BB457D07E638}.Debug|Any CPU.Build.0 = Debug|Any CPU
		{69BC833C-0FE1-4288-BB80-BB457D07E638}.Debug|Net35.ActiveCfg = Debug|Any CPU
		{69BC833C-0FE1-4288-BB80-BB457D07E638}.Debug|Net35.Build.0 = Debug|Any CPU
		{69BC833C-0FE1-4288-BB80-BB457D07E638}.Debug|Net40.ActiveCfg = Debug|Any CPU
		{69BC833C-0FE1-4288-BB80-BB457D07E638}.Debug|Net40.Build.0 = Debug|Any CPU
		{69BC833C-0FE1-4288-BB80-BB457D07E638}.Debug|WithNRefactory.ActiveCfg = Debug|Any CPU
		{69BC833C-0FE1-4288-BB80-BB457D07E638}.Debug|WithNRefactory.Build.0 = Debug|Any CPU
		{69BC833C-0FE1-4288-BB80-BB457D07E638}.Release|Any CPU.ActiveCfg = Release|Any CPU
		{69BC833C-0FE1-4288-BB80-BB457D07E638}.Release|Any CPU.Build.0 = Release|Any CPU
		{69BC833C-0FE1-4288-BB80-BB457D07E638}.Release|Net35.ActiveCfg = Release|Any CPU
		{69BC833C-0FE1-4288-BB80-BB457D07E638}.Release|Net35.Build.0 = Release|Any CPU
		{69BC833C-0FE1-4288-BB80-BB457D07E638}.Release|Net40.ActiveCfg = Release|Any CPU
		{69BC833C-0FE1-4288-BB80-BB457D07E638}.Release|Net40.Build.0 = Release|Any CPU
		{69BC833C-0FE1-4288-BB80-BB457D07E638}.Release|WithNRefactory.ActiveCfg = Release|Any CPU
		{69BC833C-0FE1-4288-BB80-BB457D07E638}.Release|WithNRefactory.Build.0 = Release|Any CPU
		{C4BBC94F-ACA4-4B4A-8558-248E2E684B05}.Debug|Any CPU.ActiveCfg = Debug|Any CPU
		{C4BBC94F-ACA4-4B4A-8558-248E2E684B05}.Debug|Any CPU.Build.0 = Debug|Any CPU
		{C4BBC94F-ACA4-4B4A-8558-248E2E684B05}.Debug|Net35.ActiveCfg = Debug|Any CPU
		{C4BBC94F-ACA4-4B4A-8558-248E2E684B05}.Debug|Net35.Build.0 = Debug|Any CPU
		{C4BBC94F-ACA4-4B4A-8558-248E2E684B05}.Debug|Net40.ActiveCfg = Debug|Any CPU
		{C4BBC94F-ACA4-4B4A-8558-248E2E684B05}.Debug|Net40.Build.0 = Debug|Any CPU
		{C4BBC94F-ACA4-4B4A-8558-248E2E684B05}.Debug|WithNRefactory.ActiveCfg = Debug|Any CPU
		{C4BBC94F-ACA4-4B4A-8558-248E2E684B05}.Debug|WithNRefactory.Build.0 = Debug|Any CPU
		{C4BBC94F-ACA4-4B4A-8558-248E2E684B05}.Release|Any CPU.ActiveCfg = Release|Any CPU
		{C4BBC94F-ACA4-4B4A-8558-248E2E684B05}.Release|Any CPU.Build.0 = Release|Any CPU
		{C4BBC94F-ACA4-4B4A-8558-248E2E684B05}.Release|Net35.ActiveCfg = Release|Any CPU
		{C4BBC94F-ACA4-4B4A-8558-248E2E684B05}.Release|Net35.Build.0 = Release|Any CPU
		{C4BBC94F-ACA4-4B4A-8558-248E2E684B05}.Release|Net40.ActiveCfg = Release|Any CPU
		{C4BBC94F-ACA4-4B4A-8558-248E2E684B05}.Release|Net40.Build.0 = Release|Any CPU
		{C4BBC94F-ACA4-4B4A-8558-248E2E684B05}.Release|WithNRefactory.ActiveCfg = Release|Any CPU
		{C4BBC94F-ACA4-4B4A-8558-248E2E684B05}.Release|WithNRefactory.Build.0 = Release|Any CPU
		{1FB5AC73-B203-4D42-B22A-AF2690DE3709}.Debug|Any CPU.ActiveCfg = Debug|Any CPU
		{1FB5AC73-B203-4D42-B22A-AF2690DE3709}.Debug|Any CPU.Build.0 = Debug|Any CPU
		{1FB5AC73-B203-4D42-B22A-AF2690DE3709}.Debug|Net35.ActiveCfg = Debug|Any CPU
		{1FB5AC73-B203-4D42-B22A-AF2690DE3709}.Debug|Net35.Build.0 = Debug|Any CPU
		{1FB5AC73-B203-4D42-B22A-AF2690DE3709}.Debug|Net40.ActiveCfg = Debug|Any CPU
		{1FB5AC73-B203-4D42-B22A-AF2690DE3709}.Debug|Net40.Build.0 = Debug|Any CPU
		{1FB5AC73-B203-4D42-B22A-AF2690DE3709}.Debug|WithNRefactory.ActiveCfg = Debug|Any CPU
		{1FB5AC73-B203-4D42-B22A-AF2690DE3709}.Debug|WithNRefactory.Build.0 = Debug|Any CPU
		{1FB5AC73-B203-4D42-B22A-AF2690DE3709}.Release|Any CPU.ActiveCfg = Release|Any CPU
		{1FB5AC73-B203-4D42-B22A-AF2690DE3709}.Release|Any CPU.Build.0 = Release|Any CPU
		{1FB5AC73-B203-4D42-B22A-AF2690DE3709}.Release|Net35.ActiveCfg = Release|Any CPU
		{1FB5AC73-B203-4D42-B22A-AF2690DE3709}.Release|Net35.Build.0 = Release|Any CPU
		{1FB5AC73-B203-4D42-B22A-AF2690DE3709}.Release|Net40.ActiveCfg = Release|Any CPU
		{1FB5AC73-B203-4D42-B22A-AF2690DE3709}.Release|Net40.Build.0 = Release|Any CPU
		{1FB5AC73-B203-4D42-B22A-AF2690DE3709}.Release|WithNRefactory.ActiveCfg = Release|Any CPU
		{1FB5AC73-B203-4D42-B22A-AF2690DE3709}.Release|WithNRefactory.Build.0 = Release|Any CPU
		{D14D8609-693C-475D-A4A4-5A7F6188D633}.Debug|Any CPU.ActiveCfg = Debug|Any CPU
		{D14D8609-693C-475D-A4A4-5A7F6188D633}.Debug|Any CPU.Build.0 = Debug|Any CPU
		{D14D8609-693C-475D-A4A4-5A7F6188D633}.Debug|Net35.ActiveCfg = Debug|Any CPU
		{D14D8609-693C-475D-A4A4-5A7F6188D633}.Debug|Net35.Build.0 = Debug|Any CPU
		{D14D8609-693C-475D-A4A4-5A7F6188D633}.Debug|Net40.ActiveCfg = Debug|Any CPU
		{D14D8609-693C-475D-A4A4-5A7F6188D633}.Debug|Net40.Build.0 = Debug|Any CPU
		{D14D8609-693C-475D-A4A4-5A7F6188D633}.Debug|WithNRefactory.ActiveCfg = Debug|Any CPU
		{D14D8609-693C-475D-A4A4-5A7F6188D633}.Debug|WithNRefactory.Build.0 = Debug|Any CPU
		{D14D8609-693C-475D-A4A4-5A7F6188D633}.Release|Any CPU.ActiveCfg = Release|Any CPU
		{D14D8609-693C-475D-A4A4-5A7F6188D633}.Release|Any CPU.Build.0 = Release|Any CPU
		{D14D8609-693C-475D-A4A4-5A7F6188D633}.Release|Net35.ActiveCfg = Release|Any CPU
		{D14D8609-693C-475D-A4A4-5A7F6188D633}.Release|Net35.Build.0 = Release|Any CPU
		{D14D8609-693C-475D-A4A4-5A7F6188D633}.Release|Net40.ActiveCfg = Release|Any CPU
		{D14D8609-693C-475D-A4A4-5A7F6188D633}.Release|Net40.Build.0 = Release|Any CPU
		{D14D8609-693C-475D-A4A4-5A7F6188D633}.Release|WithNRefactory.ActiveCfg = Release|Any CPU
		{D14D8609-693C-475D-A4A4-5A7F6188D633}.Release|WithNRefactory.Build.0 = Release|Any CPU
		{EF9B7E8D-B722-48E0-A941-E21F4F7CC2DF}.Debug|Any CPU.ActiveCfg = Debug|Any CPU
		{EF9B7E8D-B722-48E0-A941-E21F4F7CC2DF}.Debug|Any CPU.Build.0 = Debug|Any CPU
		{EF9B7E8D-B722-48E0-A941-E21F4F7CC2DF}.Debug|Net35.ActiveCfg = Debug|Any CPU
		{EF9B7E8D-B722-48E0-A941-E21F4F7CC2DF}.Debug|Net35.Build.0 = Debug|Any CPU
		{EF9B7E8D-B722-48E0-A941-E21F4F7CC2DF}.Debug|Net40.ActiveCfg = Debug|Any CPU
		{EF9B7E8D-B722-48E0-A941-E21F4F7CC2DF}.Debug|Net40.Build.0 = Debug|Any CPU
		{EF9B7E8D-B722-48E0-A941-E21F4F7CC2DF}.Debug|WithNRefactory.ActiveCfg = Debug|Any CPU
		{EF9B7E8D-B722-48E0-A941-E21F4F7CC2DF}.Debug|WithNRefactory.Build.0 = Debug|Any CPU
		{EF9B7E8D-B722-48E0-A941-E21F4F7CC2DF}.Release|Any CPU.ActiveCfg = Release|Any CPU
		{EF9B7E8D-B722-48E0-A941-E21F4F7CC2DF}.Release|Any CPU.Build.0 = Release|Any CPU
		{EF9B7E8D-B722-48E0-A941-E21F4F7CC2DF}.Release|Net35.ActiveCfg = Release|Any CPU
		{EF9B7E8D-B722-48E0-A941-E21F4F7CC2DF}.Release|Net35.Build.0 = Release|Any CPU
		{EF9B7E8D-B722-48E0-A941-E21F4F7CC2DF}.Release|Net40.ActiveCfg = Release|Any CPU
		{EF9B7E8D-B722-48E0-A941-E21F4F7CC2DF}.Release|Net40.Build.0 = Release|Any CPU
		{EF9B7E8D-B722-48E0-A941-E21F4F7CC2DF}.Release|WithNRefactory.ActiveCfg = Release|Any CPU
		{EF9B7E8D-B722-48E0-A941-E21F4F7CC2DF}.Release|WithNRefactory.Build.0 = Release|Any CPU
		{4DF91F4B-878A-4AB3-A5EC-16BCE3D6E99D}.Debug|Any CPU.ActiveCfg = Debug|Any CPU
		{4DF91F4B-878A-4AB3-A5EC-16BCE3D6E99D}.Debug|Any CPU.Build.0 = Debug|Any CPU
		{4DF91F4B-878A-4AB3-A5EC-16BCE3D6E99D}.Debug|Net35.ActiveCfg = Debug|Any CPU
		{4DF91F4B-878A-4AB3-A5EC-16BCE3D6E99D}.Debug|Net35.Build.0 = Debug|Any CPU
		{4DF91F4B-878A-4AB3-A5EC-16BCE3D6E99D}.Debug|Net40.ActiveCfg = Debug|Any CPU
		{4DF91F4B-878A-4AB3-A5EC-16BCE3D6E99D}.Debug|Net40.Build.0 = Debug|Any CPU
		{4DF91F4B-878A-4AB3-A5EC-16BCE3D6E99D}.Debug|WithNRefactory.ActiveCfg = Debug|Any CPU
		{4DF91F4B-878A-4AB3-A5EC-16BCE3D6E99D}.Debug|WithNRefactory.Build.0 = Debug|Any CPU
		{4DF91F4B-878A-4AB3-A5EC-16BCE3D6E99D}.Release|Any CPU.ActiveCfg = Release|Any CPU
		{4DF91F4B-878A-4AB3-A5EC-16BCE3D6E99D}.Release|Any CPU.Build.0 = Release|Any CPU
		{4DF91F4B-878A-4AB3-A5EC-16BCE3D6E99D}.Release|Net35.ActiveCfg = Release|Any CPU
		{4DF91F4B-878A-4AB3-A5EC-16BCE3D6E99D}.Release|Net35.Build.0 = Release|Any CPU
		{4DF91F4B-878A-4AB3-A5EC-16BCE3D6E99D}.Release|Net40.ActiveCfg = Release|Any CPU
		{4DF91F4B-878A-4AB3-A5EC-16BCE3D6E99D}.Release|Net40.Build.0 = Release|Any CPU
		{4DF91F4B-878A-4AB3-A5EC-16BCE3D6E99D}.Release|WithNRefactory.ActiveCfg = Release|Any CPU
		{4DF91F4B-878A-4AB3-A5EC-16BCE3D6E99D}.Release|WithNRefactory.Build.0 = Release|Any CPU
	EndGlobalSection
	GlobalSection(SolutionProperties) = preSolution
		HideSolutionNode = FALSE
	EndGlobalSection
	GlobalSection(NestedProjects) = preSolution
		{2807B493-CC2E-402E-901A-EB138698FEDC} = {45839752-2FC8-464C-B63E-BD64E7CDFE59}
		{972E4948-C781-4CF9-A13E-AC3146AB0AD1} = {45839752-2FC8-464C-B63E-BD64E7CDFE59}
		{99941EFE-69B0-4618-B130-6D6FC1B43EB3} = {FF5B62C3-84DF-4650-8213-E65629E28BC7}
		{4654F58A-400C-4D47-9DC9-9FCA153554D3} = {FF5B62C3-84DF-4650-8213-E65629E28BC7}
		{AAD6B1D6-F529-40F8-9786-DC8E2FDF0AD6} = {FF5B62C3-84DF-4650-8213-E65629E28BC7}
		{E9815910-6CC0-4B3B-A3C0-024834D50596} = {FF5B62C3-84DF-4650-8213-E65629E28BC7}
		{9584C00E-7FE9-428A-9770-0A8AF6969B68} = {E9815910-6CC0-4B3B-A3C0-024834D50596}
		{7510DE38-8B63-47A9-A7FA-48A037DBF285} = {D32BD711-17CE-4B48-A587-BFB536C40D1E}
		{733A8801-D671-45BE-8BA9-4A67D5FA8AAD} = {D32BD711-17CE-4B48-A587-BFB536C40D1E}
		{8A5463B3-D274-49C4-9A7A-66C3DDE62682} = {733A8801-D671-45BE-8BA9-4A67D5FA8AAD}
		{D14D8609-693C-475D-A4A4-5A7F6188D633} = {7510DE38-8B63-47A9-A7FA-48A037DBF285}
		{EF9B7E8D-B722-48E0-A941-E21F4F7CC2DF} = {7510DE38-8B63-47A9-A7FA-48A037DBF285}
	EndGlobalSection
	GlobalSection(ExtensibilityGlobals) = postSolution
		SolutionGuid = {EA2ACBDB-173B-4E1C-B711-979A6F284AEF}
	EndGlobalSection
EndGlobal
