Microsoft Visual Studio Solution File, Format Version 12.00
# Visual Studio 15
VisualStudioVersion = 15.0.26430.13
MinimumVisualStudioVersion = 10.0.40219.1
Project("{2150E333-8FDC-42A3-9474-1A3956D46DE8}") = "Binaries", "Binaries", "{E3D8DFD4-4299-4FE0-9BE8-0CB41F189489}"
	ProjectSection(SolutionItems) = preProject
		02_Libs\00_bin\log4net.dll = 02_Libs\00_bin\log4net.dll
		02_Libs\00_bin\log4net.xml = 02_Libs\00_bin\log4net.xml
		02_Libs\00_bin\MsgBox\MsgBox.dll = 02_Libs\00_bin\MsgBox\MsgBox.dll
		02_Libs\00_bin\NumericUpDownLib.dll = 02_Libs\00_bin\NumericUpDownLib.dll
		02_Libs\00_bin\NumericUpDownLib.xml = 02_Libs\00_bin\NumericUpDownLib.xml
		02_Libs\00_bin\UnitComboLib.dll = 02_Libs\00_bin\UnitComboLib.dll
		02_Libs\00_bin\UnitComboLib.xml = 02_Libs\00_bin\UnitComboLib.xml
		02_Libs\00_bin\MsgBox\UserNotification.dll = 02_Libs\00_bin\MsgBox\UserNotification.dll
		02_Libs\00_bin\MsgBox\UserNotification.xml = 02_Libs\00_bin\MsgBox\UserNotification.xml
	EndProjectSection
EndProject
Project("{2150E333-8FDC-42A3-9474-1A3956D46DE8}") = "UML Application", "UML Application", "{C7A9E1F8-38FD-4268-BFC5-473CF16471D8}"
EndProject
Project("{2150E333-8FDC-42A3-9474-1A3956D46DE8}") = "UML Plugins", "UML Plugins", "{2D26ECAB-01CB-4A96-B34C-EA616F547227}"
EndProject
Project("{2150E333-8FDC-42A3-9474-1A3956D46DE8}") = "Edi", "Edi", "{39FEC70F-8F35-4A04-B770-59F12A0CE83F}"
EndProject
Project("{FAE04EC0-301F-11D3-BF4B-00C04F79EFBC}") = "Edi", "Edi\Edi\Edi.csproj", "{A02BE1B0-4071-4FCE-AF68-EA3A0A679DA1}"
EndProject
Project("{FAE04EC0-301F-11D3-BF4B-00C04F79EFBC}") = "ICSharpCode.AvalonEdit", "ICSharpCode.AvalonEdit\ICSharpCode.AvalonEdit.csproj", "{6C55B776-26D4-4DB3-A6AB-87E783B2F3D1}"
EndProject
Project("{FAE04EC0-301F-11D3-BF4B-00C04F79EFBC}") = "SimpleControls", "SimpleControls\SimpleControls.csproj", "{0E69BE38-78C0-4662-A0E1-56C5913B5C3A}"
EndProject
Project("{FAE04EC0-301F-11D3-BF4B-00C04F79EFBC}") = "Themes", "Themes\Themes.csproj", "{957A91E6-91DD-4C13-B1D1-F06D66EC6D55}"
EndProject
Project("{FAE04EC0-301F-11D3-BF4B-00C04F79EFBC}") = "Util", "Util\Util.csproj", "{D96F59C4-A727-47D9-84AD-508B04DF2714}"
EndProject
Project("{FAE04EC0-301F-11D3-BF4B-00C04F79EFBC}") = "MiniUML.Model", "MiniUML\MiniUML.Model\MiniUML.Model.csproj", "{4654F58A-400C-4D47-9DC9-9FCA153554D3}"
EndProject
Project("{FAE04EC0-301F-11D3-BF4B-00C04F79EFBC}") = "MiniUML.View", "MiniUML\MiniUML.View\MiniUML.View.csproj", "{AAD6B1D6-F529-40F8-9786-DC8E2FDF0AD6}"
EndProject
Project("{FAE04EC0-301F-11D3-BF4B-00C04F79EFBC}") = "MiniUML.Plugins.UmlClassDiagram", "MiniUML\Plugins\src\MiniUML.Plugins.UmlClassDiagram\MiniUML.Plugins.UmlClassDiagram.csproj", "{9584C00E-7FE9-428A-9770-0A8AF6969B68}"
EndProject
Project("{FAE04EC0-301F-11D3-BF4B-00C04F79EFBC}") = "MiniUML.Framework", "MiniUML\MiniUML.Framework\MiniUML.Framework.csproj", "{99941EFE-69B0-4618-B130-6D6FC1B43EB3}"
EndProject
Project("{FAE04EC0-301F-11D3-BF4B-00C04F79EFBC}") = "Settings", "Settings\Settings.csproj", "{2807B493-CC2E-402E-901A-EB138698FEDC}"
EndProject
Project("{FAE04EC0-301F-11D3-BF4B-00C04F79EFBC}") = "Edi.Core", "Edi.Core\Edi.Core.csproj", "{F17E5E06-F28C-4E91-964F-CDB9F8589BB7}"
EndProject
Project("{FAE04EC0-301F-11D3-BF4B-00C04F79EFBC}") = "EdiDialogs", "EdiDialogs\EdiDialogs.csproj", "{3B4C1D92-08D4-4D52-AE20-23A0BF882FCD}"
EndProject
Project("{FAE04EC0-301F-11D3-BF4B-00C04F79EFBC}") = "SettingsView", "SettingsView\SettingsView.csproj", "{972E4948-C781-4CF9-A13E-AC3146AB0AD1}"
EndProject
Project("{FAE04EC0-301F-11D3-BF4B-00C04F79EFBC}") = "EdiDocuments", "EdiDocuments\EdiDocuments.csproj", "{253EDD78-BB04-4916-AD09-90F10FBB9803}"
EndProject
Project("{2150E333-8FDC-42A3-9474-1A3956D46DE8}") = "Tools", "Tools", "{934FDC62-E522-4B23-A328-E774C550FF3B}"
EndProject
Project("{FAE04EC0-301F-11D3-BF4B-00C04F79EFBC}") = "Log4NetTools", "Tools\Log4NetTools\Log4NetTools.csproj", "{8A5463B3-D274-49C4-9A7A-66C3DDE62682}"
EndProject
Project("{2150E333-8FDC-42A3-9474-1A3956D46DE8}") = "BuiltIn", "BuiltIn", "{4530577A-5458-4B84-A65D-71BC145624A4}"
EndProject
Project("{FAE04EC0-301F-11D3-BF4B-00C04F79EFBC}") = "Output", "Tools\BuiltIn\Output\Output.csproj", "{D14D8609-693C-475D-A4A4-5A7F6188D633}"
EndProject
Project("{FAE04EC0-301F-11D3-BF4B-00C04F79EFBC}") = "Files", "Tools\BuiltIn\Files\Files.csproj", "{EF9B7E8D-B722-48E0-A941-E21F4F7CC2DF}"
EndProject
Project("{FAE04EC0-301F-11D3-BF4B-00C04F79EFBC}") = "Edi.Apps", "Edi\Edi.Apps\Edi.Apps.csproj", "{4DF91F4B-878A-4AB3-A5EC-16BCE3D6E99D}"
EndProject
Global
	GlobalSection(SolutionConfigurationPlatforms) = preSolution
		Debug|Any CPU = Debug|Any CPU
		Debug|Mixed = Debug|Mixed
		Debug|Mixed Platforms = Debug|Mixed Platforms
		Debug|x64 = Debug|x64
		Debug|x86 = Debug|x86
		Release|Any CPU = Release|Any CPU
		Release|Mixed = Release|Mixed
		Release|Mixed Platforms = Release|Mixed Platforms
		Release|x64 = Release|x64
		Release|x86 = Release|x86
	EndGlobalSection
	GlobalSection(ProjectConfigurationPlatforms) = postSolution
		{A02BE1B0-4071-4FCE-AF68-EA3A0A679DA1}.Debug|Any CPU.ActiveCfg = Debug|Any CPU
		{A02BE1B0-4071-4FCE-AF68-EA3A0A679DA1}.Debug|Any CPU.Build.0 = Debug|Any CPU
		{A02BE1B0-4071-4FCE-AF68-EA3A0A679DA1}.Debug|Mixed.ActiveCfg = Debug|x86
		{A02BE1B0-4071-4FCE-AF68-EA3A0A679DA1}.Debug|Mixed.Build.0 = Debug|x86
		{A02BE1B0-4071-4FCE-AF68-EA3A0A679DA1}.Debug|Mixed Platforms.ActiveCfg = Debug|x86
		{A02BE1B0-4071-4FCE-AF68-EA3A0A679DA1}.Debug|Mixed Platforms.Build.0 = Debug|x86
		{A02BE1B0-4071-4FCE-AF68-EA3A0A679DA1}.Debug|x64.ActiveCfg = Debug|x64
		{A02BE1B0-4071-4FCE-AF68-EA3A0A679DA1}.Debug|x64.Build.0 = Debug|x64
		{A02BE1B0-4071-4FCE-AF68-EA3A0A679DA1}.Debug|x86.ActiveCfg = Debug|x86
		{A02BE1B0-4071-4FCE-AF68-EA3A0A679DA1}.Debug|x86.Build.0 = Debug|x86
		{A02BE1B0-4071-4FCE-AF68-EA3A0A679DA1}.Release|Any CPU.ActiveCfg = Release|Any CPU
		{A02BE1B0-4071-4FCE-AF68-EA3A0A679DA1}.Release|Any CPU.Build.0 = Release|Any CPU
		{A02BE1B0-4071-4FCE-AF68-EA3A0A679DA1}.Release|Mixed.ActiveCfg = Release|Any CPU
		{A02BE1B0-4071-4FCE-AF68-EA3A0A679DA1}.Release|Mixed.Build.0 = Release|Any CPU
		{A02BE1B0-4071-4FCE-AF68-EA3A0A679DA1}.Release|Mixed Platforms.ActiveCfg = Release|x86
		{A02BE1B0-4071-4FCE-AF68-EA3A0A679DA1}.Release|Mixed Platforms.Build.0 = Release|x86
		{A02BE1B0-4071-4FCE-AF68-EA3A0A679DA1}.Release|x64.ActiveCfg = Release|x64
		{A02BE1B0-4071-4FCE-AF68-EA3A0A679DA1}.Release|x64.Build.0 = Release|x64
		{A02BE1B0-4071-4FCE-AF68-EA3A0A679DA1}.Release|x86.ActiveCfg = Release|x86
		{A02BE1B0-4071-4FCE-AF68-EA3A0A679DA1}.Release|x86.Build.0 = Release|x86
		{6C55B776-26D4-4DB3-A6AB-87E783B2F3D1}.Debug|Any CPU.ActiveCfg = Debug|Net40
		{6C55B776-26D4-4DB3-A6AB-87E783B2F3D1}.Debug|Any CPU.Build.0 = Debug|Net40
		{6C55B776-26D4-4DB3-A6AB-87E783B2F3D1}.Debug|Mixed.ActiveCfg = Debug|Net40
		{6C55B776-26D4-4DB3-A6AB-87E783B2F3D1}.Debug|Mixed.Build.0 = Debug|Net40
		{6C55B776-26D4-4DB3-A6AB-87E783B2F3D1}.Debug|Mixed Platforms.ActiveCfg = Debug|Net40
		{6C55B776-26D4-4DB3-A6AB-87E783B2F3D1}.Debug|Mixed Platforms.Build.0 = Debug|Net40
		{6C55B776-26D4-4DB3-A6AB-87E783B2F3D1}.Debug|x64.ActiveCfg = Debug|WithNRefactory
		{6C55B776-26D4-4DB3-A6AB-87E783B2F3D1}.Debug|x86.ActiveCfg = Debug|Net40
		{6C55B776-26D4-4DB3-A6AB-87E783B2F3D1}.Debug|x86.Build.0 = Debug|Net40
		{6C55B776-26D4-4DB3-A6AB-87E783B2F3D1}.Release|Any CPU.ActiveCfg = Release|Net40
		{6C55B776-26D4-4DB3-A6AB-87E783B2F3D1}.Release|Any CPU.Build.0 = Release|Net40
		{6C55B776-26D4-4DB3-A6AB-87E783B2F3D1}.Release|Mixed.ActiveCfg = Release|Net40
		{6C55B776-26D4-4DB3-A6AB-87E783B2F3D1}.Release|Mixed.Build.0 = Release|Net40
		{6C55B776-26D4-4DB3-A6AB-87E783B2F3D1}.Release|Mixed Platforms.ActiveCfg = Release|WithNRefactory
		{6C55B776-26D4-4DB3-A6AB-87E783B2F3D1}.Release|Mixed Platforms.Build.0 = Release|WithNRefactory
		{6C55B776-26D4-4DB3-A6AB-87E783B2F3D1}.Release|x64.ActiveCfg = Release|WithNRefactory
		{6C55B776-26D4-4DB3-A6AB-87E783B2F3D1}.Release|x86.ActiveCfg = Release|WithNRefactory
		{0E69BE38-78C0-4662-A0E1-56C5913B5C3A}.Debug|Any CPU.ActiveCfg = Debug|Any CPU
		{0E69BE38-78C0-4662-A0E1-56C5913B5C3A}.Debug|Any CPU.Build.0 = Debug|Any CPU
		{0E69BE38-78C0-4662-A0E1-56C5913B5C3A}.Debug|Mixed.ActiveCfg = Debug|Any CPU
		{0E69BE38-78C0-4662-A0E1-56C5913B5C3A}.Debug|Mixed.Build.0 = Debug|Any CPU
		{0E69BE38-78C0-4662-A0E1-56C5913B5C3A}.Debug|Mixed Platforms.ActiveCfg = Debug|Any CPU
		{0E69BE38-78C0-4662-A0E1-56C5913B5C3A}.Debug|Mixed Platforms.Build.0 = Debug|Any CPU
		{0E69BE38-78C0-4662-A0E1-56C5913B5C3A}.Debug|x64.ActiveCfg = Debug|x64
		{0E69BE38-78C0-4662-A0E1-56C5913B5C3A}.Debug|x64.Build.0 = Debug|x64
		{0E69BE38-78C0-4662-A0E1-56C5913B5C3A}.Debug|x86.ActiveCfg = Debug|x86
		{0E69BE38-78C0-4662-A0E1-56C5913B5C3A}.Debug|x86.Build.0 = Debug|x86
		{0E69BE38-78C0-4662-A0E1-56C5913B5C3A}.Release|Any CPU.ActiveCfg = Release|Any CPU
		{0E69BE38-78C0-4662-A0E1-56C5913B5C3A}.Release|Any CPU.Build.0 = Release|Any CPU
		{0E69BE38-78C0-4662-A0E1-56C5913B5C3A}.Release|Mixed.ActiveCfg = Release|Any CPU
		{0E69BE38-78C0-4662-A0E1-56C5913B5C3A}.Release|Mixed.Build.0 = Release|Any CPU
		{0E69BE38-78C0-4662-A0E1-56C5913B5C3A}.Release|Mixed Platforms.ActiveCfg = Release|Any CPU
		{0E69BE38-78C0-4662-A0E1-56C5913B5C3A}.Release|Mixed Platforms.Build.0 = Release|Any CPU
		{0E69BE38-78C0-4662-A0E1-56C5913B5C3A}.Release|x64.ActiveCfg = Release|x64
		{0E69BE38-78C0-4662-A0E1-56C5913B5C3A}.Release|x64.Build.0 = Release|x64
		{0E69BE38-78C0-4662-A0E1-56C5913B5C3A}.Release|x86.ActiveCfg = Release|Any CPU
		{957A91E6-91DD-4C13-B1D1-F06D66EC6D55}.Debug|Any CPU.ActiveCfg = Debug|Any CPU
		{957A91E6-91DD-4C13-B1D1-F06D66EC6D55}.Debug|Any CPU.Build.0 = Debug|Any CPU
		{957A91E6-91DD-4C13-B1D1-F06D66EC6D55}.Debug|Mixed.ActiveCfg = Debug|Any CPU
		{957A91E6-91DD-4C13-B1D1-F06D66EC6D55}.Debug|Mixed.Build.0 = Debug|Any CPU
		{957A91E6-91DD-4C13-B1D1-F06D66EC6D55}.Debug|Mixed Platforms.ActiveCfg = Debug|Any CPU
		{957A91E6-91DD-4C13-B1D1-F06D66EC6D55}.Debug|Mixed Platforms.Build.0 = Debug|Any CPU
		{957A91E6-91DD-4C13-B1D1-F06D66EC6D55}.Debug|x64.ActiveCfg = Debug|x64
		{957A91E6-91DD-4C13-B1D1-F06D66EC6D55}.Debug|x64.Build.0 = Debug|x64
		{957A91E6-91DD-4C13-B1D1-F06D66EC6D55}.Debug|x86.ActiveCfg = Debug|x86
		{957A91E6-91DD-4C13-B1D1-F06D66EC6D55}.Debug|x86.Build.0 = Debug|x86
		{957A91E6-91DD-4C13-B1D1-F06D66EC6D55}.Release|Any CPU.ActiveCfg = Release|Any CPU
		{957A91E6-91DD-4C13-B1D1-F06D66EC6D55}.Release|Any CPU.Build.0 = Release|Any CPU
		{957A91E6-91DD-4C13-B1D1-F06D66EC6D55}.Release|Mixed.ActiveCfg = Release|Any CPU
		{957A91E6-91DD-4C13-B1D1-F06D66EC6D55}.Release|Mixed.Build.0 = Release|Any CPU
		{957A91E6-91DD-4C13-B1D1-F06D66EC6D55}.Release|Mixed Platforms.ActiveCfg = Release|Any CPU
		{957A91E6-91DD-4C13-B1D1-F06D66EC6D55}.Release|Mixed Platforms.Build.0 = Release|Any CPU
		{957A91E6-91DD-4C13-B1D1-F06D66EC6D55}.Release|x64.ActiveCfg = Release|x64
		{957A91E6-91DD-4C13-B1D1-F06D66EC6D55}.Release|x64.Build.0 = Release|x64
		{957A91E6-91DD-4C13-B1D1-F06D66EC6D55}.Release|x86.ActiveCfg = Release|Any CPU
		{D96F59C4-A727-47D9-84AD-508B04DF2714}.Debug|Any CPU.ActiveCfg = Debug|Any CPU
		{D96F59C4-A727-47D9-84AD-508B04DF2714}.Debug|Any CPU.Build.0 = Debug|Any CPU
		{D96F59C4-A727-47D9-84AD-508B04DF2714}.Debug|Mixed.ActiveCfg = Debug|Any CPU
		{D96F59C4-A727-47D9-84AD-508B04DF2714}.Debug|Mixed.Build.0 = Debug|Any CPU
		{D96F59C4-A727-47D9-84AD-508B04DF2714}.Debug|Mixed Platforms.ActiveCfg = Debug|Any CPU
		{D96F59C4-A727-47D9-84AD-508B04DF2714}.Debug|Mixed Platforms.Build.0 = Debug|Any CPU
		{D96F59C4-A727-47D9-84AD-508B04DF2714}.Debug|x64.ActiveCfg = Debug|x64
		{D96F59C4-A727-47D9-84AD-508B04DF2714}.Debug|x64.Build.0 = Debug|x64
		{D96F59C4-A727-47D9-84AD-508B04DF2714}.Debug|x86.ActiveCfg = Debug|x86
		{D96F59C4-A727-47D9-84AD-508B04DF2714}.Debug|x86.Build.0 = Debug|x86
		{D96F59C4-A727-47D9-84AD-508B04DF2714}.Release|Any CPU.ActiveCfg = Release|Any CPU
		{D96F59C4-A727-47D9-84AD-508B04DF2714}.Release|Any CPU.Build.0 = Release|Any CPU
		{D96F59C4-A727-47D9-84AD-508B04DF2714}.Release|Mixed.ActiveCfg = Release|Any CPU
		{D96F59C4-A727-47D9-84AD-508B04DF2714}.Release|Mixed.Build.0 = Release|Any CPU
		{D96F59C4-A727-47D9-84AD-508B04DF2714}.Release|Mixed Platforms.ActiveCfg = Release|Any CPU
		{D96F59C4-A727-47D9-84AD-508B04DF2714}.Release|Mixed Platforms.Build.0 = Release|Any CPU
		{D96F59C4-A727-47D9-84AD-508B04DF2714}.Release|x64.ActiveCfg = Release|x64
		{D96F59C4-A727-47D9-84AD-508B04DF2714}.Release|x64.Build.0 = Release|x64
		{D96F59C4-A727-47D9-84AD-508B04DF2714}.Release|x86.ActiveCfg = Release|Any CPU
		{4654F58A-400C-4D47-9DC9-9FCA153554D3}.Debug|Any CPU.ActiveCfg = Debug|Any CPU
		{4654F58A-400C-4D47-9DC9-9FCA153554D3}.Debug|Any CPU.Build.0 = Debug|Any CPU
		{4654F58A-400C-4D47-9DC9-9FCA153554D3}.Debug|Mixed.ActiveCfg = Debug|Any CPU
		{4654F58A-400C-4D47-9DC9-9FCA153554D3}.Debug|Mixed.Build.0 = Debug|Any CPU
		{4654F58A-400C-4D47-9DC9-9FCA153554D3}.Debug|Mixed Platforms.ActiveCfg = Debug|Any CPU
		{4654F58A-400C-4D47-9DC9-9FCA153554D3}.Debug|Mixed Platforms.Build.0 = Debug|Any CPU
		{4654F58A-400C-4D47-9DC9-9FCA153554D3}.Debug|x64.ActiveCfg = Debug|x64
		{4654F58A-400C-4D47-9DC9-9FCA153554D3}.Debug|x64.Build.0 = Debug|x64
		{4654F58A-400C-4D47-9DC9-9FCA153554D3}.Debug|x86.ActiveCfg = Debug|x86
		{4654F58A-400C-4D47-9DC9-9FCA153554D3}.Debug|x86.Build.0 = Debug|x86
		{4654F58A-400C-4D47-9DC9-9FCA153554D3}.Release|Any CPU.ActiveCfg = Release|Any CPU
		{4654F58A-400C-4D47-9DC9-9FCA153554D3}.Release|Any CPU.Build.0 = Release|Any CPU
		{4654F58A-400C-4D47-9DC9-9FCA153554D3}.Release|Mixed.ActiveCfg = Release|Any CPU
		{4654F58A-400C-4D47-9DC9-9FCA153554D3}.Release|Mixed.Build.0 = Release|Any CPU
		{4654F58A-400C-4D47-9DC9-9FCA153554D3}.Release|Mixed Platforms.ActiveCfg = Release|Any CPU
		{4654F58A-400C-4D47-9DC9-9FCA153554D3}.Release|Mixed Platforms.Build.0 = Release|Any CPU
		{4654F58A-400C-4D47-9DC9-9FCA153554D3}.Release|x64.ActiveCfg = Release|x64
		{4654F58A-400C-4D47-9DC9-9FCA153554D3}.Release|x64.Build.0 = Release|x64
		{4654F58A-400C-4D47-9DC9-9FCA153554D3}.Release|x86.ActiveCfg = Release|x86
		{4654F58A-400C-4D47-9DC9-9FCA153554D3}.Release|x86.Build.0 = Release|x86
		{AAD6B1D6-F529-40F8-9786-DC8E2FDF0AD6}.Debug|Any CPU.ActiveCfg = Debug|Any CPU
		{AAD6B1D6-F529-40F8-9786-DC8E2FDF0AD6}.Debug|Any CPU.Build.0 = Debug|Any CPU
		{AAD6B1D6-F529-40F8-9786-DC8E2FDF0AD6}.Debug|Mixed.ActiveCfg = Debug|Any CPU
		{AAD6B1D6-F529-40F8-9786-DC8E2FDF0AD6}.Debug|Mixed.Build.0 = Debug|Any CPU
		{AAD6B1D6-F529-40F8-9786-DC8E2FDF0AD6}.Debug|Mixed Platforms.ActiveCfg = Debug|Any CPU
		{AAD6B1D6-F529-40F8-9786-DC8E2FDF0AD6}.Debug|Mixed Platforms.Build.0 = Debug|Any CPU
		{AAD6B1D6-F529-40F8-9786-DC8E2FDF0AD6}.Debug|x64.ActiveCfg = Debug|x64
		{AAD6B1D6-F529-40F8-9786-DC8E2FDF0AD6}.Debug|x64.Build.0 = Debug|x64
		{AAD6B1D6-F529-40F8-9786-DC8E2FDF0AD6}.Debug|x86.ActiveCfg = Debug|x86
		{AAD6B1D6-F529-40F8-9786-DC8E2FDF0AD6}.Debug|x86.Build.0 = Debug|x86
		{AAD6B1D6-F529-40F8-9786-DC8E2FDF0AD6}.Release|Any CPU.ActiveCfg = Release|Any CPU
		{AAD6B1D6-F529-40F8-9786-DC8E2FDF0AD6}.Release|Any CPU.Build.0 = Release|Any CPU
		{AAD6B1D6-F529-40F8-9786-DC8E2FDF0AD6}.Release|Mixed.ActiveCfg = Release|Any CPU
		{AAD6B1D6-F529-40F8-9786-DC8E2FDF0AD6}.Release|Mixed.Build.0 = Release|Any CPU
		{AAD6B1D6-F529-40F8-9786-DC8E2FDF0AD6}.Release|Mixed Platforms.ActiveCfg = Release|Any CPU
		{AAD6B1D6-F529-40F8-9786-DC8E2FDF0AD6}.Release|Mixed Platforms.Build.0 = Release|Any CPU
		{AAD6B1D6-F529-40F8-9786-DC8E2FDF0AD6}.Release|x64.ActiveCfg = Release|x64
		{AAD6B1D6-F529-40F8-9786-DC8E2FDF0AD6}.Release|x64.Build.0 = Release|x64
		{AAD6B1D6-F529-40F8-9786-DC8E2FDF0AD6}.Release|x86.ActiveCfg = Release|x86
		{AAD6B1D6-F529-40F8-9786-DC8E2FDF0AD6}.Release|x86.Build.0 = Release|x86
		{9584C00E-7FE9-428A-9770-0A8AF6969B68}.Debug|Any CPU.ActiveCfg = Debug|Any CPU
		{9584C00E-7FE9-428A-9770-0A8AF6969B68}.Debug|Any CPU.Build.0 = Debug|Any CPU
		{9584C00E-7FE9-428A-9770-0A8AF6969B68}.Debug|Mixed.ActiveCfg = Debug|Any CPU
		{9584C00E-7FE9-428A-9770-0A8AF6969B68}.Debug|Mixed.Build.0 = Debug|Any CPU
		{9584C00E-7FE9-428A-9770-0A8AF6969B68}.Debug|Mixed Platforms.ActiveCfg = Debug|Any CPU
		{9584C00E-7FE9-428A-9770-0A8AF6969B68}.Debug|Mixed Platforms.Build.0 = Debug|Any CPU
		{9584C00E-7FE9-428A-9770-0A8AF6969B68}.Debug|x64.ActiveCfg = Debug|x64
		{9584C00E-7FE9-428A-9770-0A8AF6969B68}.Debug|x64.Build.0 = Debug|x64
		{9584C00E-7FE9-428A-9770-0A8AF6969B68}.Debug|x86.ActiveCfg = Debug|x86
		{9584C00E-7FE9-428A-9770-0A8AF6969B68}.Debug|x86.Build.0 = Debug|x86
		{9584C00E-7FE9-428A-9770-0A8AF6969B68}.Release|Any CPU.ActiveCfg = Release|Any CPU
		{9584C00E-7FE9-428A-9770-0A8AF6969B68}.Release|Any CPU.Build.0 = Release|Any CPU
		{9584C00E-7FE9-428A-9770-0A8AF6969B68}.Release|Mixed.ActiveCfg = Release|Any CPU
		{9584C00E-7FE9-428A-9770-0A8AF6969B68}.Release|Mixed.Build.0 = Release|Any CPU
		{9584C00E-7FE9-428A-9770-0A8AF6969B68}.Release|Mixed Platforms.ActiveCfg = Release|Any CPU
		{9584C00E-7FE9-428A-9770-0A8AF6969B68}.Release|Mixed Platforms.Build.0 = Release|Any CPU
		{9584C00E-7FE9-428A-9770-0A8AF6969B68}.Release|x64.ActiveCfg = Release|x64
		{9584C00E-7FE9-428A-9770-0A8AF6969B68}.Release|x64.Build.0 = Release|x64
		{9584C00E-7FE9-428A-9770-0A8AF6969B68}.Release|x86.ActiveCfg = Release|x86
		{9584C00E-7FE9-428A-9770-0A8AF6969B68}.Release|x86.Build.0 = Release|x86
		{99941EFE-69B0-4618-B130-6D6FC1B43EB3}.Debug|Any CPU.ActiveCfg = Debug|Any CPU
		{99941EFE-69B0-4618-B130-6D6FC1B43EB3}.Debug|Any CPU.Build.0 = Debug|Any CPU
		{99941EFE-69B0-4618-B130-6D6FC1B43EB3}.Debug|Mixed.ActiveCfg = Debug|Any CPU
		{99941EFE-69B0-4618-B130-6D6FC1B43EB3}.Debug|Mixed.Build.0 = Debug|Any CPU
		{99941EFE-69B0-4618-B130-6D6FC1B43EB3}.Debug|Mixed Platforms.ActiveCfg = Debug|Any CPU
		{99941EFE-69B0-4618-B130-6D6FC1B43EB3}.Debug|Mixed Platforms.Build.0 = Debug|Any CPU
		{99941EFE-69B0-4618-B130-6D6FC1B43EB3}.Debug|x64.ActiveCfg = Debug|x64
		{99941EFE-69B0-4618-B130-6D6FC1B43EB3}.Debug|x64.Build.0 = Debug|x64
		{99941EFE-69B0-4618-B130-6D6FC1B43EB3}.Debug|x86.ActiveCfg = Debug|x86
		{99941EFE-69B0-4618-B130-6D6FC1B43EB3}.Debug|x86.Build.0 = Debug|x86
		{99941EFE-69B0-4618-B130-6D6FC1B43EB3}.Release|Any CPU.ActiveCfg = Release|Any CPU
		{99941EFE-69B0-4618-B130-6D6FC1B43EB3}.Release|Any CPU.Build.0 = Release|Any CPU
		{99941EFE-69B0-4618-B130-6D6FC1B43EB3}.Release|Mixed.ActiveCfg = Release|Any CPU
		{99941EFE-69B0-4618-B130-6D6FC1B43EB3}.Release|Mixed.Build.0 = Release|Any CPU
		{99941EFE-69B0-4618-B130-6D6FC1B43EB3}.Release|Mixed Platforms.ActiveCfg = Release|Any CPU
		{99941EFE-69B0-4618-B130-6D6FC1B43EB3}.Release|Mixed Platforms.Build.0 = Release|Any CPU
		{99941EFE-69B0-4618-B130-6D6FC1B43EB3}.Release|x64.ActiveCfg = Release|x64
		{99941EFE-69B0-4618-B130-6D6FC1B43EB3}.Release|x64.Build.0 = Release|x64
		{99941EFE-69B0-4618-B130-6D6FC1B43EB3}.Release|x86.ActiveCfg = Release|Any CPU
		{2807B493-CC2E-402E-901A-EB138698FEDC}.Debug|Any CPU.ActiveCfg = Debug|Any CPU
		{2807B493-CC2E-402E-901A-EB138698FEDC}.Debug|Any CPU.Build.0 = Debug|Any CPU
		{2807B493-CC2E-402E-901A-EB138698FEDC}.Debug|Mixed.ActiveCfg = Debug|Any CPU
		{2807B493-CC2E-402E-901A-EB138698FEDC}.Debug|Mixed.Build.0 = Debug|Any CPU
		{2807B493-CC2E-402E-901A-EB138698FEDC}.Debug|Mixed Platforms.ActiveCfg = Debug|Any CPU
		{2807B493-CC2E-402E-901A-EB138698FEDC}.Debug|Mixed Platforms.Build.0 = Debug|Any CPU
		{2807B493-CC2E-402E-901A-EB138698FEDC}.Debug|x64.ActiveCfg = Debug|x64
		{2807B493-CC2E-402E-901A-EB138698FEDC}.Debug|x64.Build.0 = Debug|x64
		{2807B493-CC2E-402E-901A-EB138698FEDC}.Debug|x86.ActiveCfg = Debug|x86
		{2807B493-CC2E-402E-901A-EB138698FEDC}.Debug|x86.Build.0 = Debug|x86
		{2807B493-CC2E-402E-901A-EB138698FEDC}.Release|Any CPU.ActiveCfg = Release|Any CPU
		{2807B493-CC2E-402E-901A-EB138698FEDC}.Release|Any CPU.Build.0 = Release|Any CPU
		{2807B493-CC2E-402E-901A-EB138698FEDC}.Release|Mixed.ActiveCfg = Release|Any CPU
		{2807B493-CC2E-402E-901A-EB138698FEDC}.Release|Mixed.Build.0 = Release|Any CPU
		{2807B493-CC2E-402E-901A-EB138698FEDC}.Release|Mixed Platforms.ActiveCfg = Release|Any CPU
		{2807B493-CC2E-402E-901A-EB138698FEDC}.Release|Mixed Platforms.Build.0 = Release|Any CPU
		{2807B493-CC2E-402E-901A-EB138698FEDC}.Release|x64.ActiveCfg = Release|x64
		{2807B493-CC2E-402E-901A-EB138698FEDC}.Release|x64.Build.0 = Release|x64
		{2807B493-CC2E-402E-901A-EB138698FEDC}.Release|x86.ActiveCfg = Release|Any CPU
		{F17E5E06-F28C-4E91-964F-CDB9F8589BB7}.Debug|Any CPU.ActiveCfg = Debug|Any CPU
		{F17E5E06-F28C-4E91-964F-CDB9F8589BB7}.Debug|Any CPU.Build.0 = Debug|Any CPU
		{F17E5E06-F28C-4E91-964F-CDB9F8589BB7}.Debug|Mixed.ActiveCfg = Debug|Any CPU
		{F17E5E06-F28C-4E91-964F-CDB9F8589BB7}.Debug|Mixed.Build.0 = Debug|Any CPU
		{F17E5E06-F28C-4E91-964F-CDB9F8589BB7}.Debug|Mixed Platforms.ActiveCfg = Debug|Any CPU
		{F17E5E06-F28C-4E91-964F-CDB9F8589BB7}.Debug|Mixed Platforms.Build.0 = Debug|Any CPU
		{F17E5E06-F28C-4E91-964F-CDB9F8589BB7}.Debug|x64.ActiveCfg = Debug|x64
		{F17E5E06-F28C-4E91-964F-CDB9F8589BB7}.Debug|x64.Build.0 = Debug|x64
		{F17E5E06-F28C-4E91-964F-CDB9F8589BB7}.Debug|x86.ActiveCfg = Debug|x86
		{F17E5E06-F28C-4E91-964F-CDB9F8589BB7}.Debug|x86.Build.0 = Debug|x86
		{F17E5E06-F28C-4E91-964F-CDB9F8589BB7}.Release|Any CPU.ActiveCfg = Release|Any CPU
		{F17E5E06-F28C-4E91-964F-CDB9F8589BB7}.Release|Any CPU.Build.0 = Release|Any CPU
		{F17E5E06-F28C-4E91-964F-CDB9F8589BB7}.Release|Mixed.ActiveCfg = Release|Any CPU
		{F17E5E06-F28C-4E91-964F-CDB9F8589BB7}.Release|Mixed.Build.0 = Release|Any CPU
		{F17E5E06-F28C-4E91-964F-CDB9F8589BB7}.Release|Mixed Platforms.ActiveCfg = Release|Any CPU
		{F17E5E06-F28C-4E91-964F-CDB9F8589BB7}.Release|Mixed Platforms.Build.0 = Release|Any CPU
		{F17E5E06-F28C-4E91-964F-CDB9F8589BB7}.Release|x64.ActiveCfg = Release|Any CPU
		{F17E5E06-F28C-4E91-964F-CDB9F8589BB7}.Release|x86.ActiveCfg = Release|Any CPU
		{3B4C1D92-08D4-4D52-AE20-23A0BF882FCD}.Debug|Any CPU.ActiveCfg = Debug|Any CPU
		{3B4C1D92-08D4-4D52-AE20-23A0BF882FCD}.Debug|Any CPU.Build.0 = Debug|Any CPU
		{3B4C1D92-08D4-4D52-AE20-23A0BF882FCD}.Debug|Mixed.ActiveCfg = Debug|Any CPU
		{3B4C1D92-08D4-4D52-AE20-23A0BF882FCD}.Debug|Mixed.Build.0 = Debug|Any CPU
		{3B4C1D92-08D4-4D52-AE20-23A0BF882FCD}.Debug|Mixed Platforms.ActiveCfg = Debug|Any CPU
		{3B4C1D92-08D4-4D52-AE20-23A0BF882FCD}.Debug|Mixed Platforms.Build.0 = Debug|Any CPU
		{3B4C1D92-08D4-4D52-AE20-23A0BF882FCD}.Debug|x64.ActiveCfg = Debug|x64
		{3B4C1D92-08D4-4D52-AE20-23A0BF882FCD}.Debug|x64.Build.0 = Debug|x64
		{3B4C1D92-08D4-4D52-AE20-23A0BF882FCD}.Debug|x86.ActiveCfg = Debug|x86
		{3B4C1D92-08D4-4D52-AE20-23A0BF882FCD}.Debug|x86.Build.0 = Debug|x86
		{3B4C1D92-08D4-4D52-AE20-23A0BF882FCD}.Release|Any CPU.ActiveCfg = Release|Any CPU
		{3B4C1D92-08D4-4D52-AE20-23A0BF882FCD}.Release|Any CPU.Build.0 = Release|Any CPU
		{3B4C1D92-08D4-4D52-AE20-23A0BF882FCD}.Release|Mixed.ActiveCfg = Release|Any CPU
		{3B4C1D92-08D4-4D52-AE20-23A0BF882FCD}.Release|Mixed.Build.0 = Release|Any CPU
		{3B4C1D92-08D4-4D52-AE20-23A0BF882FCD}.Release|Mixed Platforms.ActiveCfg = Release|Any CPU
		{3B4C1D92-08D4-4D52-AE20-23A0BF882FCD}.Release|Mixed Platforms.Build.0 = Release|Any CPU
		{3B4C1D92-08D4-4D52-AE20-23A0BF882FCD}.Release|x64.ActiveCfg = Release|Any CPU
		{3B4C1D92-08D4-4D52-AE20-23A0BF882FCD}.Release|x86.ActiveCfg = Release|Any CPU
		{972E4948-C781-4CF9-A13E-AC3146AB0AD1}.Debug|Any CPU.ActiveCfg = Debug|Any CPU
		{972E4948-C781-4CF9-A13E-AC3146AB0AD1}.Debug|Any CPU.Build.0 = Debug|Any CPU
		{972E4948-C781-4CF9-A13E-AC3146AB0AD1}.Debug|Mixed.ActiveCfg = Debug|Any CPU
		{972E4948-C781-4CF9-A13E-AC3146AB0AD1}.Debug|Mixed.Build.0 = Debug|Any CPU
		{972E4948-C781-4CF9-A13E-AC3146AB0AD1}.Debug|Mixed Platforms.ActiveCfg = Debug|Any CPU
		{972E4948-C781-4CF9-A13E-AC3146AB0AD1}.Debug|Mixed Platforms.Build.0 = Debug|Any CPU
		{972E4948-C781-4CF9-A13E-AC3146AB0AD1}.Debug|x64.ActiveCfg = Debug|x64
		{972E4948-C781-4CF9-A13E-AC3146AB0AD1}.Debug|x64.Build.0 = Debug|x64
		{972E4948-C781-4CF9-A13E-AC3146AB0AD1}.Debug|x86.ActiveCfg = Debug|x86
		{972E4948-C781-4CF9-A13E-AC3146AB0AD1}.Debug|x86.Build.0 = Debug|x86
		{972E4948-C781-4CF9-A13E-AC3146AB0AD1}.Release|Any CPU.ActiveCfg = Release|Any CPU
		{972E4948-C781-4CF9-A13E-AC3146AB0AD1}.Release|Any CPU.Build.0 = Release|Any CPU
		{972E4948-C781-4CF9-A13E-AC3146AB0AD1}.Release|Mixed.ActiveCfg = Release|Any CPU
		{972E4948-C781-4CF9-A13E-AC3146AB0AD1}.Release|Mixed.Build.0 = Release|Any CPU
		{972E4948-C781-4CF9-A13E-AC3146AB0AD1}.Release|Mixed Platforms.ActiveCfg = Release|Any CPU
		{972E4948-C781-4CF9-A13E-AC3146AB0AD1}.Release|Mixed Platforms.Build.0 = Release|Any CPU
		{972E4948-C781-4CF9-A13E-AC3146AB0AD1}.Release|x64.ActiveCfg = Release|Any CPU
		{972E4948-C781-4CF9-A13E-AC3146AB0AD1}.Release|x86.ActiveCfg = Release|Any CPU
		{253EDD78-BB04-4916-AD09-90F10FBB9803}.Debug|Any CPU.ActiveCfg = Debug|Any CPU
		{253EDD78-BB04-4916-AD09-90F10FBB9803}.Debug|Any CPU.Build.0 = Debug|Any CPU
		{253EDD78-BB04-4916-AD09-90F10FBB9803}.Debug|Mixed.ActiveCfg = Debug|Any CPU
		{253EDD78-BB04-4916-AD09-90F10FBB9803}.Debug|Mixed.Build.0 = Debug|Any CPU
		{253EDD78-BB04-4916-AD09-90F10FBB9803}.Debug|Mixed Platforms.ActiveCfg = Debug|Any CPU
		{253EDD78-BB04-4916-AD09-90F10FBB9803}.Debug|Mixed Platforms.Build.0 = Debug|Any CPU
		{253EDD78-BB04-4916-AD09-90F10FBB9803}.Debug|x64.ActiveCfg = Debug|x64
		{253EDD78-BB04-4916-AD09-90F10FBB9803}.Debug|x64.Build.0 = Debug|x64
		{253EDD78-BB04-4916-AD09-90F10FBB9803}.Debug|x86.ActiveCfg = Debug|x86
		{253EDD78-BB04-4916-AD09-90F10FBB9803}.Debug|x86.Build.0 = Debug|x86
		{253EDD78-BB04-4916-AD09-90F10FBB9803}.Release|Any CPU.ActiveCfg = Release|Any CPU
		{253EDD78-BB04-4916-AD09-90F10FBB9803}.Release|Any CPU.Build.0 = Release|Any CPU
		{253EDD78-BB04-4916-AD09-90F10FBB9803}.Release|Mixed.ActiveCfg = Release|Any CPU
		{253EDD78-BB04-4916-AD09-90F10FBB9803}.Release|Mixed.Build.0 = Release|Any CPU
		{253EDD78-BB04-4916-AD09-90F10FBB9803}.Release|Mixed Platforms.ActiveCfg = Release|Any CPU
		{253EDD78-BB04-4916-AD09-90F10FBB9803}.Release|Mixed Platforms.Build.0 = Release|Any CPU
		{253EDD78-BB04-4916-AD09-90F10FBB9803}.Release|x64.ActiveCfg = Release|Any CPU
		{253EDD78-BB04-4916-AD09-90F10FBB9803}.Release|x86.ActiveCfg = Release|Any CPU
		{8A5463B3-D274-49C4-9A7A-66C3DDE62682}.Debug|Any CPU.ActiveCfg = Debug|Any CPU
		{8A5463B3-D274-49C4-9A7A-66C3DDE62682}.Debug|Any CPU.Build.0 = Debug|Any CPU
		{8A5463B3-D274-49C4-9A7A-66C3DDE62682}.Debug|Mixed.ActiveCfg = Debug|Any CPU
		{8A5463B3-D274-49C4-9A7A-66C3DDE62682}.Debug|Mixed.Build.0 = Debug|Any CPU
		{8A5463B3-D274-49C4-9A7A-66C3DDE62682}.Debug|Mixed Platforms.ActiveCfg = Debug|Any CPU
		{8A5463B3-D274-49C4-9A7A-66C3DDE62682}.Debug|Mixed Platforms.Build.0 = Debug|Any CPU
		{8A5463B3-D274-49C4-9A7A-66C3DDE62682}.Debug|x64.ActiveCfg = Debug|x64
		{8A5463B3-D274-49C4-9A7A-66C3DDE62682}.Debug|x64.Build.0 = Debug|x64
		{8A5463B3-D274-49C4-9A7A-66C3DDE62682}.Debug|x86.ActiveCfg = Debug|x86
		{8A5463B3-D274-49C4-9A7A-66C3DDE62682}.Debug|x86.Build.0 = Debug|x86
		{8A5463B3-D274-49C4-9A7A-66C3DDE62682}.Release|Any CPU.ActiveCfg = Release|Any CPU
		{8A5463B3-D274-49C4-9A7A-66C3DDE62682}.Release|Any CPU.Build.0 = Release|Any CPU
		{8A5463B3-D274-49C4-9A7A-66C3DDE62682}.Release|Mixed.ActiveCfg = Release|Any CPU
		{8A5463B3-D274-49C4-9A7A-66C3DDE62682}.Release|Mixed.Build.0 = Release|Any CPU
		{8A5463B3-D274-49C4-9A7A-66C3DDE62682}.Release|Mixed Platforms.ActiveCfg = Release|Any CPU
		{8A5463B3-D274-49C4-9A7A-66C3DDE62682}.Release|Mixed Platforms.Build.0 = Release|Any CPU
		{8A5463B3-D274-49C4-9A7A-66C3DDE62682}.Release|x64.ActiveCfg = Release|Any CPU
		{8A5463B3-D274-49C4-9A7A-66C3DDE62682}.Release|x86.ActiveCfg = Release|Any CPU
		{D14D8609-693C-475D-A4A4-5A7F6188D633}.Debug|Any CPU.ActiveCfg = Debug|Any CPU
		{D14D8609-693C-475D-A4A4-5A7F6188D633}.Debug|Any CPU.Build.0 = Debug|Any CPU
		{D14D8609-693C-475D-A4A4-5A7F6188D633}.Debug|Mixed.ActiveCfg = Debug|Any CPU
		{D14D8609-693C-475D-A4A4-5A7F6188D633}.Debug|Mixed.Build.0 = Debug|Any CPU
		{D14D8609-693C-475D-A4A4-5A7F6188D633}.Debug|Mixed Platforms.ActiveCfg = Debug|Any CPU
		{D14D8609-693C-475D-A4A4-5A7F6188D633}.Debug|Mixed Platforms.Build.0 = Debug|Any CPU
		{D14D8609-693C-475D-A4A4-5A7F6188D633}.Debug|x64.ActiveCfg = Debug|Any CPU
		{D14D8609-693C-475D-A4A4-5A7F6188D633}.Debug|x86.ActiveCfg = Debug|Any CPU
		{D14D8609-693C-475D-A4A4-5A7F6188D633}.Debug|x86.Build.0 = Debug|Any CPU
		{D14D8609-693C-475D-A4A4-5A7F6188D633}.Release|Any CPU.ActiveCfg = Release|Any CPU
		{D14D8609-693C-475D-A4A4-5A7F6188D633}.Release|Any CPU.Build.0 = Release|Any CPU
		{D14D8609-693C-475D-A4A4-5A7F6188D633}.Release|Mixed.ActiveCfg = Release|Any CPU
		{D14D8609-693C-475D-A4A4-5A7F6188D633}.Release|Mixed.Build.0 = Release|Any CPU
		{D14D8609-693C-475D-A4A4-5A7F6188D633}.Release|Mixed Platforms.ActiveCfg = Release|Any CPU
		{D14D8609-693C-475D-A4A4-5A7F6188D633}.Release|Mixed Platforms.Build.0 = Release|Any CPU
		{D14D8609-693C-475D-A4A4-5A7F6188D633}.Release|x64.ActiveCfg = Release|Any CPU
		{D14D8609-693C-475D-A4A4-5A7F6188D633}.Release|x86.ActiveCfg = Release|Any CPU
		{EF9B7E8D-B722-48E0-A941-E21F4F7CC2DF}.Debug|Any CPU.ActiveCfg = Debug|Any CPU
		{EF9B7E8D-B722-48E0-A941-E21F4F7CC2DF}.Debug|Any CPU.Build.0 = Debug|Any CPU
		{EF9B7E8D-B722-48E0-A941-E21F4F7CC2DF}.Debug|Mixed.ActiveCfg = Debug|Any CPU
		{EF9B7E8D-B722-48E0-A941-E21F4F7CC2DF}.Debug|Mixed.Build.0 = Debug|Any CPU
		{EF9B7E8D-B722-48E0-A941-E21F4F7CC2DF}.Debug|Mixed Platforms.ActiveCfg = Debug|Any CPU
		{EF9B7E8D-B722-48E0-A941-E21F4F7CC2DF}.Debug|Mixed Platforms.Build.0 = Debug|Any CPU
		{EF9B7E8D-B722-48E0-A941-E21F4F7CC2DF}.Debug|x64.ActiveCfg = Debug|Any CPU
		{EF9B7E8D-B722-48E0-A941-E21F4F7CC2DF}.Debug|x86.ActiveCfg = Debug|Any CPU
		{EF9B7E8D-B722-48E0-A941-E21F4F7CC2DF}.Debug|x86.Build.0 = Debug|Any CPU
		{EF9B7E8D-B722-48E0-A941-E21F4F7CC2DF}.Release|Any CPU.ActiveCfg = Release|Any CPU
		{EF9B7E8D-B722-48E0-A941-E21F4F7CC2DF}.Release|Any CPU.Build.0 = Release|Any CPU
		{EF9B7E8D-B722-48E0-A941-E21F4F7CC2DF}.Release|Mixed.ActiveCfg = Release|Any CPU
		{EF9B7E8D-B722-48E0-A941-E21F4F7CC2DF}.Release|Mixed.Build.0 = Release|Any CPU
		{EF9B7E8D-B722-48E0-A941-E21F4F7CC2DF}.Release|Mixed Platforms.ActiveCfg = Release|Any CPU
		{EF9B7E8D-B722-48E0-A941-E21F4F7CC2DF}.Release|Mixed Platforms.Build.0 = Release|Any CPU
		{EF9B7E8D-B722-48E0-A941-E21F4F7CC2DF}.Release|x64.ActiveCfg = Release|Any CPU
		{EF9B7E8D-B722-48E0-A941-E21F4F7CC2DF}.Release|x86.ActiveCfg = Release|Any CPU
		{4DF91F4B-878A-4AB3-A5EC-16BCE3D6E99D}.Debug|Any CPU.ActiveCfg = Debug|Any CPU
		{4DF91F4B-878A-4AB3-A5EC-16BCE3D6E99D}.Debug|Any CPU.Build.0 = Debug|Any CPU
		{4DF91F4B-878A-4AB3-A5EC-16BCE3D6E99D}.Debug|Mixed.ActiveCfg = Debug|Any CPU
		{4DF91F4B-878A-4AB3-A5EC-16BCE3D6E99D}.Debug|Mixed.Build.0 = Debug|Any CPU
		{4DF91F4B-878A-4AB3-A5EC-16BCE3D6E99D}.Debug|Mixed Platforms.ActiveCfg = Debug|Any CPU
		{4DF91F4B-878A-4AB3-A5EC-16BCE3D6E99D}.Debug|Mixed Platforms.Build.0 = Debug|Any CPU
		{4DF91F4B-878A-4AB3-A5EC-16BCE3D6E99D}.Debug|x64.ActiveCfg = Debug|Any CPU
		{4DF91F4B-878A-4AB3-A5EC-16BCE3D6E99D}.Debug|x64.Build.0 = Debug|Any CPU
		{4DF91F4B-878A-4AB3-A5EC-16BCE3D6E99D}.Debug|x86.ActiveCfg = Debug|Any CPU
		{4DF91F4B-878A-4AB3-A5EC-16BCE3D6E99D}.Debug|x86.Build.0 = Debug|Any CPU
		{4DF91F4B-878A-4AB3-A5EC-16BCE3D6E99D}.Release|Any CPU.ActiveCfg = Release|Any CPU
		{4DF91F4B-878A-4AB3-A5EC-16BCE3D6E99D}.Release|Any CPU.Build.0 = Release|Any CPU
		{4DF91F4B-878A-4AB3-A5EC-16BCE3D6E99D}.Release|Mixed.ActiveCfg = Release|Any CPU
		{4DF91F4B-878A-4AB3-A5EC-16BCE3D6E99D}.Release|Mixed.Build.0 = Release|Any CPU
		{4DF91F4B-878A-4AB3-A5EC-16BCE3D6E99D}.Release|Mixed Platforms.ActiveCfg = Release|Any CPU
		{4DF91F4B-878A-4AB3-A5EC-16BCE3D6E99D}.Release|Mixed Platforms.Build.0 = Release|Any CPU
		{4DF91F4B-878A-4AB3-A5EC-16BCE3D6E99D}.Release|x64.ActiveCfg = Release|Any CPU
		{4DF91F4B-878A-4AB3-A5EC-16BCE3D6E99D}.Release|x64.Build.0 = Release|Any CPU
		{4DF91F4B-878A-4AB3-A5EC-16BCE3D6E99D}.Release|x86.ActiveCfg = Release|Any CPU
		{4DF91F4B-878A-4AB3-A5EC-16BCE3D6E99D}.Release|x86.Build.0 = Release|Any CPU
	EndGlobalSection
	GlobalSection(SolutionProperties) = preSolution
		HideSolutionNode = FALSE
	EndGlobalSection
	GlobalSection(NestedProjects) = preSolution
		{A02BE1B0-4071-4FCE-AF68-EA3A0A679DA1} = {39FEC70F-8F35-4A04-B770-59F12A0CE83F}
		{6C55B776-26D4-4DB3-A6AB-87E783B2F3D1} = {39FEC70F-8F35-4A04-B770-59F12A0CE83F}
		{0E69BE38-78C0-4662-A0E1-56C5913B5C3A} = {39FEC70F-8F35-4A04-B770-59F12A0CE83F}
		{957A91E6-91DD-4C13-B1D1-F06D66EC6D55} = {39FEC70F-8F35-4A04-B770-59F12A0CE83F}
		{D96F59C4-A727-47D9-84AD-508B04DF2714} = {39FEC70F-8F35-4A04-B770-59F12A0CE83F}
		{4654F58A-400C-4D47-9DC9-9FCA153554D3} = {C7A9E1F8-38FD-4268-BFC5-473CF16471D8}
		{AAD6B1D6-F529-40F8-9786-DC8E2FDF0AD6} = {C7A9E1F8-38FD-4268-BFC5-473CF16471D8}
		{9584C00E-7FE9-428A-9770-0A8AF6969B68} = {2D26ECAB-01CB-4A96-B34C-EA616F547227}
		{99941EFE-69B0-4618-B130-6D6FC1B43EB3} = {C7A9E1F8-38FD-4268-BFC5-473CF16471D8}
		{2807B493-CC2E-402E-901A-EB138698FEDC} = {39FEC70F-8F35-4A04-B770-59F12A0CE83F}
		{F17E5E06-F28C-4E91-964F-CDB9F8589BB7} = {39FEC70F-8F35-4A04-B770-59F12A0CE83F}
		{3B4C1D92-08D4-4D52-AE20-23A0BF882FCD} = {39FEC70F-8F35-4A04-B770-59F12A0CE83F}
		{972E4948-C781-4CF9-A13E-AC3146AB0AD1} = {39FEC70F-8F35-4A04-B770-59F12A0CE83F}
		{253EDD78-BB04-4916-AD09-90F10FBB9803} = {39FEC70F-8F35-4A04-B770-59F12A0CE83F}
		{8A5463B3-D274-49C4-9A7A-66C3DDE62682} = {934FDC62-E522-4B23-A328-E774C550FF3B}
		{4530577A-5458-4B84-A65D-71BC145624A4} = {934FDC62-E522-4B23-A328-E774C550FF3B}
		{D14D8609-693C-475D-A4A4-5A7F6188D633} = {4530577A-5458-4B84-A65D-71BC145624A4}
		{EF9B7E8D-B722-48E0-A941-E21F4F7CC2DF} = {4530577A-5458-4B84-A65D-71BC145624A4}
		{4DF91F4B-878A-4AB3-A5EC-16BCE3D6E99D} = {39FEC70F-8F35-4A04-B770-59F12A0CE83F}
	EndGlobalSection
	GlobalSection(ExtensibilityGlobals) = postSolution
		RESX_NeutralResourcesLanguage = en-US
	EndGlobalSection
EndGlobal
