
Microsoft Visual Studio Solution File, Format Version 12.00
# Visual Studio 15
VisualStudioVersion = 15.0.26430.16
MinimumVisualStudioVersion = 10.0.40219.1
Project("{FAE04EC0-301F-11D3-BF4B-00C04F79EFBC}") = "MRUDemo", "MRUDemo\MRUDemo.csproj", "{9E35A279-E568-4C60-881C-BC7797B161A7}"
EndProject
Project("{FAE04EC0-301F-11D3-BF4B-00C04F79EFBC}") = "MRULib", "MRULib\MRULib.csproj", "{59C17825-DE5A-42BF-89A6-715B64AF89F8}"
EndProject
Global
	GlobalSection(SolutionConfigurationPlatforms) = preSolution
		Debug|Any CPU = Debug|Any CPU
		Debug|x64 = Debug|x64
		Debug|x86 = Debug|x86
		Release|Any CPU = Release|Any CPU
		Release|x64 = Release|x64
		Release|x86 = Release|x86
	EndGlobalSection
	GlobalSection(ProjectConfigurationPlatforms) = postSolution
		{9E35A279-E568-4C60-881C-BC7797B161A7}.Debug|Any CPU.ActiveCfg = Debug|Any CPU
		{9E35A279-E568-4C60-881C-BC7797B161A7}.Debug|Any CPU.Build.0 = Debug|Any CPU
		{9E35A279-E568-4C60-881C-BC7797B161A7}.Debug|x64.ActiveCfg = Debug|x64
		{9E35A279-E568-4C60-881C-BC7797B161A7}.Debug|x64.Build.0 = Debug|x64
		{9E35A279-E568-4C60-881C-BC7797B161A7}.Debug|x86.ActiveCfg = Debug|x86
		{9E35A279-E568-4C60-881C-BC7797B161A7}.Debug|x86.Build.0 = Debug|x86
		{9E35A279-E568-4C60-881C-BC7797B161A7}.Release|Any CPU.ActiveCfg = Release|Any CPU
		{9E35A279-E568-4C60-881C-BC7797B161A7}.Release|Any CPU.Build.0 = Release|Any CPU
		{9E35A279-E568-4C60-881C-BC7797B161A7}.Release|x64.ActiveCfg = Release|x64
		{9E35A279-E568-4C60-881C-BC7797B161A7}.Release|x64.Build.0 = Release|x64
		{9E35A279-E568-4C60-881C-BC7797B161A7}.Release|x86.ActiveCfg = Release|x86
		{9E35A279-E568-4C60-881C-BC7797B161A7}.Release|x86.Build.0 = Release|x86
		{59C17825-DE5A-42BF-89A6-715B64AF89F8}.Debug|Any CPU.ActiveCfg = Debug|Any CPU
		{59C17825-DE5A-42BF-89A6-715B64AF89F8}.Debug|Any CPU.Build.0 = Debug|Any CPU
		{59C17825-DE5A-42BF-89A6-715B64AF89F8}.Debug|x64.ActiveCfg = Debug|x64
		{59C17825-DE5A-42BF-89A6-715B64AF89F8}.Debug|x64.Build.0 = Debug|x64
		{59C17825-DE5A-42BF-89A6-715B64AF89F8}.Debug|x86.ActiveCfg = Debug|x86
		{59C17825-DE5A-42BF-89A6-715B64AF89F8}.Debug|x86.Build.0 = Debug|x86
		{59C17825-DE5A-42BF-89A6-715B64AF89F8}.Release|Any CPU.ActiveCfg = Release|Any CPU
		{59C17825-DE5A-42BF-89A6-715B64AF89F8}.Release|Any CPU.Build.0 = Release|Any CPU
		{59C17825-DE5A-42BF-89A6-715B64AF89F8}.Release|x64.ActiveCfg = Release|x64
		{59C17825-DE5A-42BF-89A6-715B64AF89F8}.Release|x64.Build.0 = Release|x64
		{59C17825-DE5A-42BF-89A6-715B64AF89F8}.Release|x86.ActiveCfg = Release|x86
		{59C17825-DE5A-42BF-89A6-715B64AF89F8}.Release|x86.Build.0 = Release|x86
	EndGlobalSection
	GlobalSection(SolutionProperties) = preSolution
		HideSolutionNode = FALSE
	EndGlobalSection
EndGlobal
